
Microsoft Visual Studio Solution File, Format Version 12.00
# Visual Studio Version 16
VisualStudioVersion = 16.0.30011.22
MinimumVisualStudioVersion = 10.0.40219.1
Project("{FAE04EC0-301F-11D3-BF4B-00C04F79EFBC}") = "Gest.Android", "Gest\Gest.Android\Gest.Android.csproj", "{4D7CB33D-D72B-418E-9332-685C46DF4567}"
EndProject
Project("{FAE04EC0-301F-11D3-BF4B-00C04F79EFBC}") = "Gest.iOS", "Gest\Gest.iOS\Gest.iOS.csproj", "{C199D8BA-F852-46B2-8D45-BD3F764422EF}"
EndProject
Project("{FAE04EC0-301F-11D3-BF4B-00C04F79EFBC}") = "Gest.UWP", "Gest\Gest.UWP\Gest.UWP.csproj", "{CEA6CA6B-81C6-4C96-A2AD-5C91A37F1673}"
EndProject
Project("{9A19103F-16F7-4668-BE54-9A1E7A4F7556}") = "Gest", "Gest\Gest\Gest.csproj", "{BC8487E3-3B4C-4F6E-9081-8C6D4CA6BAB1}"
EndProject
Project("{9A19103F-16F7-4668-BE54-9A1E7A4F7556}") = "Recherche_donnees_GESTDG", "Recherche_donnees_GESTDG\Recherche_donnees_GESTDG.csproj", "{22A40DBB-918C-4CB2-8178-CC2F52208E4C}"
EndProject
Project("{9A19103F-16F7-4668-BE54-9A1E7A4F7556}") = "UnitTest_Gest", "UnitTest_Gest\UnitTest_Gest.csproj", "{CECA9FBC-EEE5-411A-BA30-AAC87733D4B6}"
EndProject
Project("{FAE04EC0-301F-11D3-BF4B-00C04F79EFBC}") = "UnitTest_Recherche_donnees", "UnitTest_Recherche_donnees\UnitTest_Recherche_donnees.csproj", "{A30C9DD4-D4EA-44DA-B290-16F93E7B2E1E}"
EndProject
Global
	GlobalSection(SolutionConfigurationPlatforms) = preSolution
		Ad-Hoc|Any CPU = Ad-Hoc|Any CPU
		Ad-Hoc|ARM = Ad-Hoc|ARM
		Ad-Hoc|iPhone = Ad-Hoc|iPhone
		Ad-Hoc|iPhoneSimulator = Ad-Hoc|iPhoneSimulator
		Ad-Hoc|x64 = Ad-Hoc|x64
		Ad-Hoc|x86 = Ad-Hoc|x86
		AppStore|Any CPU = AppStore|Any CPU
		AppStore|ARM = AppStore|ARM
		AppStore|iPhone = AppStore|iPhone
		AppStore|iPhoneSimulator = AppStore|iPhoneSimulator
		AppStore|x64 = AppStore|x64
		AppStore|x86 = AppStore|x86
		Debug|Any CPU = Debug|Any CPU
		Debug|ARM = Debug|ARM
		Debug|iPhone = Debug|iPhone
		Debug|iPhoneSimulator = Debug|iPhoneSimulator
		Debug|x64 = Debug|x64
		Debug|x86 = Debug|x86
		Release|Any CPU = Release|Any CPU
		Release|ARM = Release|ARM
		Release|iPhone = Release|iPhone
		Release|iPhoneSimulator = Release|iPhoneSimulator
		Release|x64 = Release|x64
		Release|x86 = Release|x86
	EndGlobalSection
	GlobalSection(ProjectConfigurationPlatforms) = postSolution
		{4D7CB33D-D72B-418E-9332-685C46DF4567}.Ad-Hoc|Any CPU.ActiveCfg = Release|Any CPU
		{4D7CB33D-D72B-418E-9332-685C46DF4567}.Ad-Hoc|Any CPU.Build.0 = Release|Any CPU
		{4D7CB33D-D72B-418E-9332-685C46DF4567}.Ad-Hoc|Any CPU.Deploy.0 = Release|Any CPU
		{4D7CB33D-D72B-418E-9332-685C46DF4567}.Ad-Hoc|ARM.ActiveCfg = Release|Any CPU
		{4D7CB33D-D72B-418E-9332-685C46DF4567}.Ad-Hoc|ARM.Build.0 = Release|Any CPU
		{4D7CB33D-D72B-418E-9332-685C46DF4567}.Ad-Hoc|ARM.Deploy.0 = Release|Any CPU
		{4D7CB33D-D72B-418E-9332-685C46DF4567}.Ad-Hoc|iPhone.ActiveCfg = Release|Any CPU
		{4D7CB33D-D72B-418E-9332-685C46DF4567}.Ad-Hoc|iPhone.Build.0 = Release|Any CPU
		{4D7CB33D-D72B-418E-9332-685C46DF4567}.Ad-Hoc|iPhone.Deploy.0 = Release|Any CPU
		{4D7CB33D-D72B-418E-9332-685C46DF4567}.Ad-Hoc|iPhoneSimulator.ActiveCfg = Release|Any CPU
		{4D7CB33D-D72B-418E-9332-685C46DF4567}.Ad-Hoc|iPhoneSimulator.Build.0 = Release|Any CPU
		{4D7CB33D-D72B-418E-9332-685C46DF4567}.Ad-Hoc|iPhoneSimulator.Deploy.0 = Release|Any CPU
		{4D7CB33D-D72B-418E-9332-685C46DF4567}.Ad-Hoc|x64.ActiveCfg = Release|Any CPU
		{4D7CB33D-D72B-418E-9332-685C46DF4567}.Ad-Hoc|x64.Build.0 = Release|Any CPU
		{4D7CB33D-D72B-418E-9332-685C46DF4567}.Ad-Hoc|x64.Deploy.0 = Release|Any CPU
		{4D7CB33D-D72B-418E-9332-685C46DF4567}.Ad-Hoc|x86.ActiveCfg = Release|Any CPU
		{4D7CB33D-D72B-418E-9332-685C46DF4567}.Ad-Hoc|x86.Build.0 = Release|Any CPU
		{4D7CB33D-D72B-418E-9332-685C46DF4567}.Ad-Hoc|x86.Deploy.0 = Release|Any CPU
		{4D7CB33D-D72B-418E-9332-685C46DF4567}.AppStore|Any CPU.ActiveCfg = Release|Any CPU
		{4D7CB33D-D72B-418E-9332-685C46DF4567}.AppStore|Any CPU.Build.0 = Release|Any CPU
		{4D7CB33D-D72B-418E-9332-685C46DF4567}.AppStore|Any CPU.Deploy.0 = Release|Any CPU
		{4D7CB33D-D72B-418E-9332-685C46DF4567}.AppStore|ARM.ActiveCfg = Release|Any CPU
		{4D7CB33D-D72B-418E-9332-685C46DF4567}.AppStore|ARM.Build.0 = Release|Any CPU
		{4D7CB33D-D72B-418E-9332-685C46DF4567}.AppStore|ARM.Deploy.0 = Release|Any CPU
		{4D7CB33D-D72B-418E-9332-685C46DF4567}.AppStore|iPhone.ActiveCfg = Release|Any CPU
		{4D7CB33D-D72B-418E-9332-685C46DF4567}.AppStore|iPhone.Build.0 = Release|Any CPU
		{4D7CB33D-D72B-418E-9332-685C46DF4567}.AppStore|iPhone.Deploy.0 = Release|Any CPU
		{4D7CB33D-D72B-418E-9332-685C46DF4567}.AppStore|iPhoneSimulator.ActiveCfg = Release|Any CPU
		{4D7CB33D-D72B-418E-9332-685C46DF4567}.AppStore|iPhoneSimulator.Build.0 = Release|Any CPU
		{4D7CB33D-D72B-418E-9332-685C46DF4567}.AppStore|iPhoneSimulator.Deploy.0 = Release|Any CPU
		{4D7CB33D-D72B-418E-9332-685C46DF4567}.AppStore|x64.ActiveCfg = Release|Any CPU
		{4D7CB33D-D72B-418E-9332-685C46DF4567}.AppStore|x64.Build.0 = Release|Any CPU
		{4D7CB33D-D72B-418E-9332-685C46DF4567}.AppStore|x64.Deploy.0 = Release|Any CPU
		{4D7CB33D-D72B-418E-9332-685C46DF4567}.AppStore|x86.ActiveCfg = Release|Any CPU
		{4D7CB33D-D72B-418E-9332-685C46DF4567}.AppStore|x86.Build.0 = Release|Any CPU
		{4D7CB33D-D72B-418E-9332-685C46DF4567}.AppStore|x86.Deploy.0 = Release|Any CPU
		{4D7CB33D-D72B-418E-9332-685C46DF4567}.Debug|Any CPU.ActiveCfg = Debug|Any CPU
		{4D7CB33D-D72B-418E-9332-685C46DF4567}.Debug|Any CPU.Build.0 = Debug|Any CPU
		{4D7CB33D-D72B-418E-9332-685C46DF4567}.Debug|Any CPU.Deploy.0 = Debug|Any CPU
		{4D7CB33D-D72B-418E-9332-685C46DF4567}.Debug|ARM.ActiveCfg = Debug|Any CPU
		{4D7CB33D-D72B-418E-9332-685C46DF4567}.Debug|ARM.Build.0 = Debug|Any CPU
		{4D7CB33D-D72B-418E-9332-685C46DF4567}.Debug|ARM.Deploy.0 = Debug|Any CPU
		{4D7CB33D-D72B-418E-9332-685C46DF4567}.Debug|iPhone.ActiveCfg = Debug|Any CPU
		{4D7CB33D-D72B-418E-9332-685C46DF4567}.Debug|iPhone.Build.0 = Debug|Any CPU
		{4D7CB33D-D72B-418E-9332-685C46DF4567}.Debug|iPhone.Deploy.0 = Debug|Any CPU
		{4D7CB33D-D72B-418E-9332-685C46DF4567}.Debug|iPhoneSimulator.ActiveCfg = Debug|Any CPU
		{4D7CB33D-D72B-418E-9332-685C46DF4567}.Debug|iPhoneSimulator.Build.0 = Debug|Any CPU
		{4D7CB33D-D72B-418E-9332-685C46DF4567}.Debug|iPhoneSimulator.Deploy.0 = Debug|Any CPU
		{4D7CB33D-D72B-418E-9332-685C46DF4567}.Debug|x64.ActiveCfg = Debug|Any CPU
		{4D7CB33D-D72B-418E-9332-685C46DF4567}.Debug|x64.Build.0 = Debug|Any CPU
		{4D7CB33D-D72B-418E-9332-685C46DF4567}.Debug|x64.Deploy.0 = Debug|Any CPU
		{4D7CB33D-D72B-418E-9332-685C46DF4567}.Debug|x86.ActiveCfg = Debug|Any CPU
		{4D7CB33D-D72B-418E-9332-685C46DF4567}.Debug|x86.Build.0 = Debug|Any CPU
		{4D7CB33D-D72B-418E-9332-685C46DF4567}.Debug|x86.Deploy.0 = Debug|Any CPU
		{4D7CB33D-D72B-418E-9332-685C46DF4567}.Release|Any CPU.ActiveCfg = Release|Any CPU
		{4D7CB33D-D72B-418E-9332-685C46DF4567}.Release|Any CPU.Build.0 = Release|Any CPU
		{4D7CB33D-D72B-418E-9332-685C46DF4567}.Release|Any CPU.Deploy.0 = Release|Any CPU
		{4D7CB33D-D72B-418E-9332-685C46DF4567}.Release|ARM.ActiveCfg = Release|Any CPU
		{4D7CB33D-D72B-418E-9332-685C46DF4567}.Release|ARM.Build.0 = Release|Any CPU
		{4D7CB33D-D72B-418E-9332-685C46DF4567}.Release|ARM.Deploy.0 = Release|Any CPU
		{4D7CB33D-D72B-418E-9332-685C46DF4567}.Release|iPhone.ActiveCfg = Release|Any CPU
		{4D7CB33D-D72B-418E-9332-685C46DF4567}.Release|iPhone.Build.0 = Release|Any CPU
		{4D7CB33D-D72B-418E-9332-685C46DF4567}.Release|iPhone.Deploy.0 = Release|Any CPU
		{4D7CB33D-D72B-418E-9332-685C46DF4567}.Release|iPhoneSimulator.ActiveCfg = Release|Any CPU
		{4D7CB33D-D72B-418E-9332-685C46DF4567}.Release|iPhoneSimulator.Build.0 = Release|Any CPU
		{4D7CB33D-D72B-418E-9332-685C46DF4567}.Release|iPhoneSimulator.Deploy.0 = Release|Any CPU
		{4D7CB33D-D72B-418E-9332-685C46DF4567}.Release|x64.ActiveCfg = Release|Any CPU
		{4D7CB33D-D72B-418E-9332-685C46DF4567}.Release|x64.Build.0 = Release|Any CPU
		{4D7CB33D-D72B-418E-9332-685C46DF4567}.Release|x64.Deploy.0 = Release|Any CPU
		{4D7CB33D-D72B-418E-9332-685C46DF4567}.Release|x86.ActiveCfg = Release|Any CPU
		{4D7CB33D-D72B-418E-9332-685C46DF4567}.Release|x86.Build.0 = Release|Any CPU
		{4D7CB33D-D72B-418E-9332-685C46DF4567}.Release|x86.Deploy.0 = Release|Any CPU
		{C199D8BA-F852-46B2-8D45-BD3F764422EF}.Ad-Hoc|Any CPU.ActiveCfg = Ad-Hoc|iPhone
		{C199D8BA-F852-46B2-8D45-BD3F764422EF}.Ad-Hoc|Any CPU.Build.0 = Ad-Hoc|iPhone
		{C199D8BA-F852-46B2-8D45-BD3F764422EF}.Ad-Hoc|Any CPU.Deploy.0 = Ad-Hoc|iPhone
		{C199D8BA-F852-46B2-8D45-BD3F764422EF}.Ad-Hoc|ARM.ActiveCfg = Ad-Hoc|iPhone
		{C199D8BA-F852-46B2-8D45-BD3F764422EF}.Ad-Hoc|ARM.Build.0 = Ad-Hoc|iPhone
		{C199D8BA-F852-46B2-8D45-BD3F764422EF}.Ad-Hoc|ARM.Deploy.0 = Ad-Hoc|iPhone
		{C199D8BA-F852-46B2-8D45-BD3F764422EF}.Ad-Hoc|iPhone.ActiveCfg = Ad-Hoc|iPhone
		{C199D8BA-F852-46B2-8D45-BD3F764422EF}.Ad-Hoc|iPhone.Build.0 = Ad-Hoc|iPhone
		{C199D8BA-F852-46B2-8D45-BD3F764422EF}.Ad-Hoc|iPhone.Deploy.0 = Ad-Hoc|iPhone
		{C199D8BA-F852-46B2-8D45-BD3F764422EF}.Ad-Hoc|iPhoneSimulator.ActiveCfg = Ad-Hoc|iPhoneSimulator
		{C199D8BA-F852-46B2-8D45-BD3F764422EF}.Ad-Hoc|iPhoneSimulator.Build.0 = Ad-Hoc|iPhoneSimulator
		{C199D8BA-F852-46B2-8D45-BD3F764422EF}.Ad-Hoc|iPhoneSimulator.Deploy.0 = Ad-Hoc|iPhoneSimulator
		{C199D8BA-F852-46B2-8D45-BD3F764422EF}.Ad-Hoc|x64.ActiveCfg = Ad-Hoc|iPhone
		{C199D8BA-F852-46B2-8D45-BD3F764422EF}.Ad-Hoc|x64.Build.0 = Ad-Hoc|iPhone
		{C199D8BA-F852-46B2-8D45-BD3F764422EF}.Ad-Hoc|x64.Deploy.0 = Ad-Hoc|iPhone
		{C199D8BA-F852-46B2-8D45-BD3F764422EF}.Ad-Hoc|x86.ActiveCfg = Ad-Hoc|iPhone
		{C199D8BA-F852-46B2-8D45-BD3F764422EF}.Ad-Hoc|x86.Build.0 = Ad-Hoc|iPhone
		{C199D8BA-F852-46B2-8D45-BD3F764422EF}.Ad-Hoc|x86.Deploy.0 = Ad-Hoc|iPhone
		{C199D8BA-F852-46B2-8D45-BD3F764422EF}.AppStore|Any CPU.ActiveCfg = AppStore|iPhone
		{C199D8BA-F852-46B2-8D45-BD3F764422EF}.AppStore|Any CPU.Build.0 = AppStore|iPhone
		{C199D8BA-F852-46B2-8D45-BD3F764422EF}.AppStore|Any CPU.Deploy.0 = AppStore|iPhone
		{C199D8BA-F852-46B2-8D45-BD3F764422EF}.AppStore|ARM.ActiveCfg = AppStore|iPhone
		{C199D8BA-F852-46B2-8D45-BD3F764422EF}.AppStore|ARM.Build.0 = AppStore|iPhone
		{C199D8BA-F852-46B2-8D45-BD3F764422EF}.AppStore|ARM.Deploy.0 = AppStore|iPhone
		{C199D8BA-F852-46B2-8D45-BD3F764422EF}.AppStore|iPhone.ActiveCfg = AppStore|iPhone
		{C199D8BA-F852-46B2-8D45-BD3F764422EF}.AppStore|iPhone.Build.0 = AppStore|iPhone
		{C199D8BA-F852-46B2-8D45-BD3F764422EF}.AppStore|iPhone.Deploy.0 = AppStore|iPhone
		{C199D8BA-F852-46B2-8D45-BD3F764422EF}.AppStore|iPhoneSimulator.ActiveCfg = AppStore|iPhoneSimulator
		{C199D8BA-F852-46B2-8D45-BD3F764422EF}.AppStore|iPhoneSimulator.Build.0 = AppStore|iPhoneSimulator
		{C199D8BA-F852-46B2-8D45-BD3F764422EF}.AppStore|iPhoneSimulator.Deploy.0 = AppStore|iPhoneSimulator
		{C199D8BA-F852-46B2-8D45-BD3F764422EF}.AppStore|x64.ActiveCfg = AppStore|iPhone
		{C199D8BA-F852-46B2-8D45-BD3F764422EF}.AppStore|x64.Build.0 = AppStore|iPhone
		{C199D8BA-F852-46B2-8D45-BD3F764422EF}.AppStore|x64.Deploy.0 = AppStore|iPhone
		{C199D8BA-F852-46B2-8D45-BD3F764422EF}.AppStore|x86.ActiveCfg = AppStore|iPhone
		{C199D8BA-F852-46B2-8D45-BD3F764422EF}.AppStore|x86.Build.0 = AppStore|iPhone
		{C199D8BA-F852-46B2-8D45-BD3F764422EF}.AppStore|x86.Deploy.0 = AppStore|iPhone
		{C199D8BA-F852-46B2-8D45-BD3F764422EF}.Debug|Any CPU.ActiveCfg = Debug|iPhoneSimulator
		{C199D8BA-F852-46B2-8D45-BD3F764422EF}.Debug|Any CPU.Build.0 = Debug|iPhoneSimulator
		{C199D8BA-F852-46B2-8D45-BD3F764422EF}.Debug|Any CPU.Deploy.0 = Debug|iPhoneSimulator
		{C199D8BA-F852-46B2-8D45-BD3F764422EF}.Debug|ARM.ActiveCfg = Debug|iPhone
		{C199D8BA-F852-46B2-8D45-BD3F764422EF}.Debug|ARM.Build.0 = Debug|iPhone
		{C199D8BA-F852-46B2-8D45-BD3F764422EF}.Debug|ARM.Deploy.0 = Debug|iPhone
		{C199D8BA-F852-46B2-8D45-BD3F764422EF}.Debug|iPhone.ActiveCfg = Debug|iPhone
		{C199D8BA-F852-46B2-8D45-BD3F764422EF}.Debug|iPhone.Build.0 = Debug|iPhone
		{C199D8BA-F852-46B2-8D45-BD3F764422EF}.Debug|iPhone.Deploy.0 = Debug|iPhone
		{C199D8BA-F852-46B2-8D45-BD3F764422EF}.Debug|iPhoneSimulator.ActiveCfg = Debug|iPhoneSimulator
		{C199D8BA-F852-46B2-8D45-BD3F764422EF}.Debug|iPhoneSimulator.Build.0 = Debug|iPhoneSimulator
		{C199D8BA-F852-46B2-8D45-BD3F764422EF}.Debug|iPhoneSimulator.Deploy.0 = Debug|iPhoneSimulator
		{C199D8BA-F852-46B2-8D45-BD3F764422EF}.Debug|x64.ActiveCfg = Debug|iPhone
		{C199D8BA-F852-46B2-8D45-BD3F764422EF}.Debug|x64.Build.0 = Debug|iPhone
		{C199D8BA-F852-46B2-8D45-BD3F764422EF}.Debug|x64.Deploy.0 = Debug|iPhone
		{C199D8BA-F852-46B2-8D45-BD3F764422EF}.Debug|x86.ActiveCfg = Debug|iPhone
		{C199D8BA-F852-46B2-8D45-BD3F764422EF}.Debug|x86.Build.0 = Debug|iPhone
		{C199D8BA-F852-46B2-8D45-BD3F764422EF}.Debug|x86.Deploy.0 = Debug|iPhone
		{C199D8BA-F852-46B2-8D45-BD3F764422EF}.Release|Any CPU.ActiveCfg = Release|iPhone
		{C199D8BA-F852-46B2-8D45-BD3F764422EF}.Release|Any CPU.Build.0 = Release|iPhone
		{C199D8BA-F852-46B2-8D45-BD3F764422EF}.Release|Any CPU.Deploy.0 = Release|iPhone
		{C199D8BA-F852-46B2-8D45-BD3F764422EF}.Release|ARM.ActiveCfg = Release|iPhone
		{C199D8BA-F852-46B2-8D45-BD3F764422EF}.Release|ARM.Build.0 = Release|iPhone
		{C199D8BA-F852-46B2-8D45-BD3F764422EF}.Release|ARM.Deploy.0 = Release|iPhone
		{C199D8BA-F852-46B2-8D45-BD3F764422EF}.Release|iPhone.ActiveCfg = Release|iPhone
		{C199D8BA-F852-46B2-8D45-BD3F764422EF}.Release|iPhone.Build.0 = Release|iPhone
		{C199D8BA-F852-46B2-8D45-BD3F764422EF}.Release|iPhone.Deploy.0 = Release|iPhone
		{C199D8BA-F852-46B2-8D45-BD3F764422EF}.Release|iPhoneSimulator.ActiveCfg = Release|iPhoneSimulator
		{C199D8BA-F852-46B2-8D45-BD3F764422EF}.Release|iPhoneSimulator.Build.0 = Release|iPhoneSimulator
		{C199D8BA-F852-46B2-8D45-BD3F764422EF}.Release|iPhoneSimulator.Deploy.0 = Release|iPhoneSimulator
		{C199D8BA-F852-46B2-8D45-BD3F764422EF}.Release|x64.ActiveCfg = Release|iPhone
		{C199D8BA-F852-46B2-8D45-BD3F764422EF}.Release|x64.Build.0 = Release|iPhone
		{C199D8BA-F852-46B2-8D45-BD3F764422EF}.Release|x64.Deploy.0 = Release|iPhone
		{C199D8BA-F852-46B2-8D45-BD3F764422EF}.Release|x86.ActiveCfg = Release|iPhone
		{C199D8BA-F852-46B2-8D45-BD3F764422EF}.Release|x86.Build.0 = Release|iPhone
		{C199D8BA-F852-46B2-8D45-BD3F764422EF}.Release|x86.Deploy.0 = Release|iPhone
		{CEA6CA6B-81C6-4C96-A2AD-5C91A37F1673}.Ad-Hoc|Any CPU.ActiveCfg = Release|x86
		{CEA6CA6B-81C6-4C96-A2AD-5C91A37F1673}.Ad-Hoc|Any CPU.Build.0 = Release|x86
		{CEA6CA6B-81C6-4C96-A2AD-5C91A37F1673}.Ad-Hoc|Any CPU.Deploy.0 = Release|x86
		{CEA6CA6B-81C6-4C96-A2AD-5C91A37F1673}.Ad-Hoc|ARM.ActiveCfg = Release|ARM
		{CEA6CA6B-81C6-4C96-A2AD-5C91A37F1673}.Ad-Hoc|ARM.Build.0 = Release|ARM
		{CEA6CA6B-81C6-4C96-A2AD-5C91A37F1673}.Ad-Hoc|ARM.Deploy.0 = Release|ARM
		{CEA6CA6B-81C6-4C96-A2AD-5C91A37F1673}.Ad-Hoc|iPhone.ActiveCfg = Release|x86
		{CEA6CA6B-81C6-4C96-A2AD-5C91A37F1673}.Ad-Hoc|iPhone.Build.0 = Release|x86
		{CEA6CA6B-81C6-4C96-A2AD-5C91A37F1673}.Ad-Hoc|iPhone.Deploy.0 = Release|x86
		{CEA6CA6B-81C6-4C96-A2AD-5C91A37F1673}.Ad-Hoc|iPhoneSimulator.ActiveCfg = Release|x86
		{CEA6CA6B-81C6-4C96-A2AD-5C91A37F1673}.Ad-Hoc|iPhoneSimulator.Build.0 = Release|x86
		{CEA6CA6B-81C6-4C96-A2AD-5C91A37F1673}.Ad-Hoc|iPhoneSimulator.Deploy.0 = Release|x86
		{CEA6CA6B-81C6-4C96-A2AD-5C91A37F1673}.Ad-Hoc|x64.ActiveCfg = Release|x64
		{CEA6CA6B-81C6-4C96-A2AD-5C91A37F1673}.Ad-Hoc|x64.Build.0 = Release|x64
		{CEA6CA6B-81C6-4C96-A2AD-5C91A37F1673}.Ad-Hoc|x64.Deploy.0 = Release|x64
		{CEA6CA6B-81C6-4C96-A2AD-5C91A37F1673}.Ad-Hoc|x86.ActiveCfg = Release|x86
		{CEA6CA6B-81C6-4C96-A2AD-5C91A37F1673}.Ad-Hoc|x86.Build.0 = Release|x86
		{CEA6CA6B-81C6-4C96-A2AD-5C91A37F1673}.Ad-Hoc|x86.Deploy.0 = Release|x86
		{CEA6CA6B-81C6-4C96-A2AD-5C91A37F1673}.AppStore|Any CPU.ActiveCfg = Release|x86
		{CEA6CA6B-81C6-4C96-A2AD-5C91A37F1673}.AppStore|Any CPU.Build.0 = Release|x86
		{CEA6CA6B-81C6-4C96-A2AD-5C91A37F1673}.AppStore|Any CPU.Deploy.0 = Release|x86
		{CEA6CA6B-81C6-4C96-A2AD-5C91A37F1673}.AppStore|ARM.ActiveCfg = Release|ARM
		{CEA6CA6B-81C6-4C96-A2AD-5C91A37F1673}.AppStore|ARM.Build.0 = Release|ARM
		{CEA6CA6B-81C6-4C96-A2AD-5C91A37F1673}.AppStore|ARM.Deploy.0 = Release|ARM
		{CEA6CA6B-81C6-4C96-A2AD-5C91A37F1673}.AppStore|iPhone.ActiveCfg = Release|x86
		{CEA6CA6B-81C6-4C96-A2AD-5C91A37F1673}.AppStore|iPhone.Build.0 = Release|x86
		{CEA6CA6B-81C6-4C96-A2AD-5C91A37F1673}.AppStore|iPhone.Deploy.0 = Release|x86
		{CEA6CA6B-81C6-4C96-A2AD-5C91A37F1673}.AppStore|iPhoneSimulator.ActiveCfg = Release|x86
		{CEA6CA6B-81C6-4C96-A2AD-5C91A37F1673}.AppStore|iPhoneSimulator.Build.0 = Release|x86
		{CEA6CA6B-81C6-4C96-A2AD-5C91A37F1673}.AppStore|iPhoneSimulator.Deploy.0 = Release|x86
		{CEA6CA6B-81C6-4C96-A2AD-5C91A37F1673}.AppStore|x64.ActiveCfg = Release|x64
		{CEA6CA6B-81C6-4C96-A2AD-5C91A37F1673}.AppStore|x64.Build.0 = Release|x64
		{CEA6CA6B-81C6-4C96-A2AD-5C91A37F1673}.AppStore|x64.Deploy.0 = Release|x64
		{CEA6CA6B-81C6-4C96-A2AD-5C91A37F1673}.AppStore|x86.ActiveCfg = Release|x86
		{CEA6CA6B-81C6-4C96-A2AD-5C91A37F1673}.AppStore|x86.Build.0 = Release|x86
		{CEA6CA6B-81C6-4C96-A2AD-5C91A37F1673}.AppStore|x86.Deploy.0 = Release|x86
		{CEA6CA6B-81C6-4C96-A2AD-5C91A37F1673}.Debug|Any CPU.ActiveCfg = Debug|x86
		{CEA6CA6B-81C6-4C96-A2AD-5C91A37F1673}.Debug|Any CPU.Build.0 = Debug|x86
		{CEA6CA6B-81C6-4C96-A2AD-5C91A37F1673}.Debug|Any CPU.Deploy.0 = Debug|x86
		{CEA6CA6B-81C6-4C96-A2AD-5C91A37F1673}.Debug|ARM.ActiveCfg = Debug|ARM
		{CEA6CA6B-81C6-4C96-A2AD-5C91A37F1673}.Debug|ARM.Build.0 = Debug|ARM
		{CEA6CA6B-81C6-4C96-A2AD-5C91A37F1673}.Debug|ARM.Deploy.0 = Debug|ARM
		{CEA6CA6B-81C6-4C96-A2AD-5C91A37F1673}.Debug|iPhone.ActiveCfg = Debug|x86
		{CEA6CA6B-81C6-4C96-A2AD-5C91A37F1673}.Debug|iPhone.Build.0 = Debug|x86
		{CEA6CA6B-81C6-4C96-A2AD-5C91A37F1673}.Debug|iPhone.Deploy.0 = Debug|x86
		{CEA6CA6B-81C6-4C96-A2AD-5C91A37F1673}.Debug|iPhoneSimulator.ActiveCfg = Debug|x86
		{CEA6CA6B-81C6-4C96-A2AD-5C91A37F1673}.Debug|iPhoneSimulator.Build.0 = Debug|x86
		{CEA6CA6B-81C6-4C96-A2AD-5C91A37F1673}.Debug|iPhoneSimulator.Deploy.0 = Debug|x86
		{CEA6CA6B-81C6-4C96-A2AD-5C91A37F1673}.Debug|x64.ActiveCfg = Debug|x64
		{CEA6CA6B-81C6-4C96-A2AD-5C91A37F1673}.Debug|x64.Build.0 = Debug|x64
		{CEA6CA6B-81C6-4C96-A2AD-5C91A37F1673}.Debug|x64.Deploy.0 = Debug|x64
		{CEA6CA6B-81C6-4C96-A2AD-5C91A37F1673}.Debug|x86.ActiveCfg = Debug|x86
		{CEA6CA6B-81C6-4C96-A2AD-5C91A37F1673}.Debug|x86.Build.0 = Debug|x86
		{CEA6CA6B-81C6-4C96-A2AD-5C91A37F1673}.Debug|x86.Deploy.0 = Debug|x86
		{CEA6CA6B-81C6-4C96-A2AD-5C91A37F1673}.Release|Any CPU.ActiveCfg = Release|x86
		{CEA6CA6B-81C6-4C96-A2AD-5C91A37F1673}.Release|Any CPU.Build.0 = Release|x86
		{CEA6CA6B-81C6-4C96-A2AD-5C91A37F1673}.Release|Any CPU.Deploy.0 = Release|x86
		{CEA6CA6B-81C6-4C96-A2AD-5C91A37F1673}.Release|ARM.ActiveCfg = Release|ARM
		{CEA6CA6B-81C6-4C96-A2AD-5C91A37F1673}.Release|ARM.Build.0 = Release|ARM
		{CEA6CA6B-81C6-4C96-A2AD-5C91A37F1673}.Release|ARM.Deploy.0 = Release|ARM
		{CEA6CA6B-81C6-4C96-A2AD-5C91A37F1673}.Release|iPhone.ActiveCfg = Release|x86
		{CEA6CA6B-81C6-4C96-A2AD-5C91A37F1673}.Release|iPhone.Build.0 = Release|x86
		{CEA6CA6B-81C6-4C96-A2AD-5C91A37F1673}.Release|iPhone.Deploy.0 = Release|x86
		{CEA6CA6B-81C6-4C96-A2AD-5C91A37F1673}.Release|iPhoneSimulator.ActiveCfg = Release|x86
		{CEA6CA6B-81C6-4C96-A2AD-5C91A37F1673}.Release|iPhoneSimulator.Build.0 = Release|x86
		{CEA6CA6B-81C6-4C96-A2AD-5C91A37F1673}.Release|iPhoneSimulator.Deploy.0 = Release|x86
		{CEA6CA6B-81C6-4C96-A2AD-5C91A37F1673}.Release|x64.ActiveCfg = Release|x64
		{CEA6CA6B-81C6-4C96-A2AD-5C91A37F1673}.Release|x64.Build.0 = Release|x64
		{CEA6CA6B-81C6-4C96-A2AD-5C91A37F1673}.Release|x64.Deploy.0 = Release|x64
		{CEA6CA6B-81C6-4C96-A2AD-5C91A37F1673}.Release|x86.ActiveCfg = Release|x86
		{CEA6CA6B-81C6-4C96-A2AD-5C91A37F1673}.Release|x86.Build.0 = Release|x86
		{CEA6CA6B-81C6-4C96-A2AD-5C91A37F1673}.Release|x86.Deploy.0 = Release|x86
		{BC8487E3-3B4C-4F6E-9081-8C6D4CA6BAB1}.Ad-Hoc|Any CPU.ActiveCfg = Debug|Any CPU
		{BC8487E3-3B4C-4F6E-9081-8C6D4CA6BAB1}.Ad-Hoc|Any CPU.Build.0 = Debug|Any CPU
		{BC8487E3-3B4C-4F6E-9081-8C6D4CA6BAB1}.Ad-Hoc|Any CPU.Deploy.0 = Debug|Any CPU
		{BC8487E3-3B4C-4F6E-9081-8C6D4CA6BAB1}.Ad-Hoc|ARM.ActiveCfg = Debug|Any CPU
		{BC8487E3-3B4C-4F6E-9081-8C6D4CA6BAB1}.Ad-Hoc|ARM.Build.0 = Debug|Any CPU
		{BC8487E3-3B4C-4F6E-9081-8C6D4CA6BAB1}.Ad-Hoc|ARM.Deploy.0 = Debug|Any CPU
		{BC8487E3-3B4C-4F6E-9081-8C6D4CA6BAB1}.Ad-Hoc|iPhone.ActiveCfg = Debug|Any CPU
		{BC8487E3-3B4C-4F6E-9081-8C6D4CA6BAB1}.Ad-Hoc|iPhone.Build.0 = Debug|Any CPU
		{BC8487E3-3B4C-4F6E-9081-8C6D4CA6BAB1}.Ad-Hoc|iPhone.Deploy.0 = Debug|Any CPU
		{BC8487E3-3B4C-4F6E-9081-8C6D4CA6BAB1}.Ad-Hoc|iPhoneSimulator.ActiveCfg = Debug|Any CPU
		{BC8487E3-3B4C-4F6E-9081-8C6D4CA6BAB1}.Ad-Hoc|iPhoneSimulator.Build.0 = Debug|Any CPU
		{BC8487E3-3B4C-4F6E-9081-8C6D4CA6BAB1}.Ad-Hoc|iPhoneSimulator.Deploy.0 = Debug|Any CPU
		{BC8487E3-3B4C-4F6E-9081-8C6D4CA6BAB1}.Ad-Hoc|x64.ActiveCfg = Debug|Any CPU
		{BC8487E3-3B4C-4F6E-9081-8C6D4CA6BAB1}.Ad-Hoc|x64.Build.0 = Debug|Any CPU
		{BC8487E3-3B4C-4F6E-9081-8C6D4CA6BAB1}.Ad-Hoc|x64.Deploy.0 = Debug|Any CPU
		{BC8487E3-3B4C-4F6E-9081-8C6D4CA6BAB1}.Ad-Hoc|x86.ActiveCfg = Debug|Any CPU
		{BC8487E3-3B4C-4F6E-9081-8C6D4CA6BAB1}.Ad-Hoc|x86.Build.0 = Debug|Any CPU
		{BC8487E3-3B4C-4F6E-9081-8C6D4CA6BAB1}.Ad-Hoc|x86.Deploy.0 = Debug|Any CPU
		{BC8487E3-3B4C-4F6E-9081-8C6D4CA6BAB1}.AppStore|Any CPU.ActiveCfg = Debug|Any CPU
		{BC8487E3-3B4C-4F6E-9081-8C6D4CA6BAB1}.AppStore|Any CPU.Build.0 = Debug|Any CPU
		{BC8487E3-3B4C-4F6E-9081-8C6D4CA6BAB1}.AppStore|Any CPU.Deploy.0 = Debug|Any CPU
		{BC8487E3-3B4C-4F6E-9081-8C6D4CA6BAB1}.AppStore|ARM.ActiveCfg = Debug|Any CPU
		{BC8487E3-3B4C-4F6E-9081-8C6D4CA6BAB1}.AppStore|ARM.Build.0 = Debug|Any CPU
		{BC8487E3-3B4C-4F6E-9081-8C6D4CA6BAB1}.AppStore|ARM.Deploy.0 = Debug|Any CPU
		{BC8487E3-3B4C-4F6E-9081-8C6D4CA6BAB1}.AppStore|iPhone.ActiveCfg = Debug|Any CPU
		{BC8487E3-3B4C-4F6E-9081-8C6D4CA6BAB1}.AppStore|iPhone.Build.0 = Debug|Any CPU
		{BC8487E3-3B4C-4F6E-9081-8C6D4CA6BAB1}.AppStore|iPhone.Deploy.0 = Debug|Any CPU
		{BC8487E3-3B4C-4F6E-9081-8C6D4CA6BAB1}.AppStore|iPhoneSimulator.ActiveCfg = Debug|Any CPU
		{BC8487E3-3B4C-4F6E-9081-8C6D4CA6BAB1}.AppStore|iPhoneSimulator.Build.0 = Debug|Any CPU
		{BC8487E3-3B4C-4F6E-9081-8C6D4CA6BAB1}.AppStore|iPhoneSimulator.Deploy.0 = Debug|Any CPU
		{BC8487E3-3B4C-4F6E-9081-8C6D4CA6BAB1}.AppStore|x64.ActiveCfg = Debug|Any CPU
		{BC8487E3-3B4C-4F6E-9081-8C6D4CA6BAB1}.AppStore|x64.Build.0 = Debug|Any CPU
		{BC8487E3-3B4C-4F6E-9081-8C6D4CA6BAB1}.AppStore|x64.Deploy.0 = Debug|Any CPU
		{BC8487E3-3B4C-4F6E-9081-8C6D4CA6BAB1}.AppStore|x86.ActiveCfg = Debug|Any CPU
		{BC8487E3-3B4C-4F6E-9081-8C6D4CA6BAB1}.AppStore|x86.Build.0 = Debug|Any CPU
		{BC8487E3-3B4C-4F6E-9081-8C6D4CA6BAB1}.AppStore|x86.Deploy.0 = Debug|Any CPU
		{BC8487E3-3B4C-4F6E-9081-8C6D4CA6BAB1}.Debug|Any CPU.ActiveCfg = Debug|Any CPU
		{BC8487E3-3B4C-4F6E-9081-8C6D4CA6BAB1}.Debug|Any CPU.Build.0 = Debug|Any CPU
		{BC8487E3-3B4C-4F6E-9081-8C6D4CA6BAB1}.Debug|Any CPU.Deploy.0 = Debug|Any CPU
		{BC8487E3-3B4C-4F6E-9081-8C6D4CA6BAB1}.Debug|ARM.ActiveCfg = Debug|Any CPU
		{BC8487E3-3B4C-4F6E-9081-8C6D4CA6BAB1}.Debug|ARM.Build.0 = Debug|Any CPU
		{BC8487E3-3B4C-4F6E-9081-8C6D4CA6BAB1}.Debug|ARM.Deploy.0 = Debug|Any CPU
		{BC8487E3-3B4C-4F6E-9081-8C6D4CA6BAB1}.Debug|iPhone.ActiveCfg = Debug|Any CPU
		{BC8487E3-3B4C-4F6E-9081-8C6D4CA6BAB1}.Debug|iPhone.Build.0 = Debug|Any CPU
		{BC8487E3-3B4C-4F6E-9081-8C6D4CA6BAB1}.Debug|iPhone.Deploy.0 = Debug|Any CPU
		{BC8487E3-3B4C-4F6E-9081-8C6D4CA6BAB1}.Debug|iPhoneSimulator.ActiveCfg = Debug|Any CPU
		{BC8487E3-3B4C-4F6E-9081-8C6D4CA6BAB1}.Debug|iPhoneSimulator.Build.0 = Debug|Any CPU
		{BC8487E3-3B4C-4F6E-9081-8C6D4CA6BAB1}.Debug|iPhoneSimulator.Deploy.0 = Debug|Any CPU
		{BC8487E3-3B4C-4F6E-9081-8C6D4CA6BAB1}.Debug|x64.ActiveCfg = Debug|Any CPU
		{BC8487E3-3B4C-4F6E-9081-8C6D4CA6BAB1}.Debug|x64.Build.0 = Debug|Any CPU
		{BC8487E3-3B4C-4F6E-9081-8C6D4CA6BAB1}.Debug|x64.Deploy.0 = Debug|Any CPU
		{BC8487E3-3B4C-4F6E-9081-8C6D4CA6BAB1}.Debug|x86.ActiveCfg = Debug|Any CPU
		{BC8487E3-3B4C-4F6E-9081-8C6D4CA6BAB1}.Debug|x86.Build.0 = Debug|Any CPU
		{BC8487E3-3B4C-4F6E-9081-8C6D4CA6BAB1}.Debug|x86.Deploy.0 = Debug|Any CPU
		{BC8487E3-3B4C-4F6E-9081-8C6D4CA6BAB1}.Release|Any CPU.ActiveCfg = Release|Any CPU
		{BC8487E3-3B4C-4F6E-9081-8C6D4CA6BAB1}.Release|Any CPU.Build.0 = Release|Any CPU
		{BC8487E3-3B4C-4F6E-9081-8C6D4CA6BAB1}.Release|Any CPU.Deploy.0 = Release|Any CPU
		{BC8487E3-3B4C-4F6E-9081-8C6D4CA6BAB1}.Release|ARM.ActiveCfg = Release|Any CPU
		{BC8487E3-3B4C-4F6E-9081-8C6D4CA6BAB1}.Release|ARM.Build.0 = Release|Any CPU
		{BC8487E3-3B4C-4F6E-9081-8C6D4CA6BAB1}.Release|ARM.Deploy.0 = Release|Any CPU
		{BC8487E3-3B4C-4F6E-9081-8C6D4CA6BAB1}.Release|iPhone.ActiveCfg = Release|Any CPU
		{BC8487E3-3B4C-4F6E-9081-8C6D4CA6BAB1}.Release|iPhone.Build.0 = Release|Any CPU
		{BC8487E3-3B4C-4F6E-9081-8C6D4CA6BAB1}.Release|iPhone.Deploy.0 = Release|Any CPU
		{BC8487E3-3B4C-4F6E-9081-8C6D4CA6BAB1}.Release|iPhoneSimulator.ActiveCfg = Release|Any CPU
		{BC8487E3-3B4C-4F6E-9081-8C6D4CA6BAB1}.Release|iPhoneSimulator.Build.0 = Release|Any CPU
		{BC8487E3-3B4C-4F6E-9081-8C6D4CA6BAB1}.Release|iPhoneSimulator.Deploy.0 = Release|Any CPU
		{BC8487E3-3B4C-4F6E-9081-8C6D4CA6BAB1}.Release|x64.ActiveCfg = Release|Any CPU
		{BC8487E3-3B4C-4F6E-9081-8C6D4CA6BAB1}.Release|x64.Build.0 = Release|Any CPU
		{BC8487E3-3B4C-4F6E-9081-8C6D4CA6BAB1}.Release|x64.Deploy.0 = Release|Any CPU
		{BC8487E3-3B4C-4F6E-9081-8C6D4CA6BAB1}.Release|x86.ActiveCfg = Release|Any CPU
		{BC8487E3-3B4C-4F6E-9081-8C6D4CA6BAB1}.Release|x86.Build.0 = Release|Any CPU
		{BC8487E3-3B4C-4F6E-9081-8C6D4CA6BAB1}.Release|x86.Deploy.0 = Release|Any CPU
		{22A40DBB-918C-4CB2-8178-CC2F52208E4C}.Ad-Hoc|Any CPU.ActiveCfg = Debug|Any CPU
		{22A40DBB-918C-4CB2-8178-CC2F52208E4C}.Ad-Hoc|Any CPU.Build.0 = Debug|Any CPU
		{22A40DBB-918C-4CB2-8178-CC2F52208E4C}.Ad-Hoc|ARM.ActiveCfg = Debug|Any CPU
		{22A40DBB-918C-4CB2-8178-CC2F52208E4C}.Ad-Hoc|ARM.Build.0 = Debug|Any CPU
		{22A40DBB-918C-4CB2-8178-CC2F52208E4C}.Ad-Hoc|iPhone.ActiveCfg = Debug|Any CPU
		{22A40DBB-918C-4CB2-8178-CC2F52208E4C}.Ad-Hoc|iPhone.Build.0 = Debug|Any CPU
		{22A40DBB-918C-4CB2-8178-CC2F52208E4C}.Ad-Hoc|iPhoneSimulator.ActiveCfg = Debug|Any CPU
		{22A40DBB-918C-4CB2-8178-CC2F52208E4C}.Ad-Hoc|iPhoneSimulator.Build.0 = Debug|Any CPU
		{22A40DBB-918C-4CB2-8178-CC2F52208E4C}.Ad-Hoc|x64.ActiveCfg = Debug|Any CPU
		{22A40DBB-918C-4CB2-8178-CC2F52208E4C}.Ad-Hoc|x64.Build.0 = Debug|Any CPU
		{22A40DBB-918C-4CB2-8178-CC2F52208E4C}.Ad-Hoc|x86.ActiveCfg = Debug|Any CPU
		{22A40DBB-918C-4CB2-8178-CC2F52208E4C}.Ad-Hoc|x86.Build.0 = Debug|Any CPU
		{22A40DBB-918C-4CB2-8178-CC2F52208E4C}.AppStore|Any CPU.ActiveCfg = Debug|Any CPU
		{22A40DBB-918C-4CB2-8178-CC2F52208E4C}.AppStore|Any CPU.Build.0 = Debug|Any CPU
		{22A40DBB-918C-4CB2-8178-CC2F52208E4C}.AppStore|ARM.ActiveCfg = Debug|Any CPU
		{22A40DBB-918C-4CB2-8178-CC2F52208E4C}.AppStore|ARM.Build.0 = Debug|Any CPU
		{22A40DBB-918C-4CB2-8178-CC2F52208E4C}.AppStore|iPhone.ActiveCfg = Debug|Any CPU
		{22A40DBB-918C-4CB2-8178-CC2F52208E4C}.AppStore|iPhone.Build.0 = Debug|Any CPU
		{22A40DBB-918C-4CB2-8178-CC2F52208E4C}.AppStore|iPhoneSimulator.ActiveCfg = Debug|Any CPU
		{22A40DBB-918C-4CB2-8178-CC2F52208E4C}.AppStore|iPhoneSimulator.Build.0 = Debug|Any CPU
		{22A40DBB-918C-4CB2-8178-CC2F52208E4C}.AppStore|x64.ActiveCfg = Debug|Any CPU
		{22A40DBB-918C-4CB2-8178-CC2F52208E4C}.AppStore|x64.Build.0 = Debug|Any CPU
		{22A40DBB-918C-4CB2-8178-CC2F52208E4C}.AppStore|x86.ActiveCfg = Debug|Any CPU
		{22A40DBB-918C-4CB2-8178-CC2F52208E4C}.AppStore|x86.Build.0 = Debug|Any CPU
		{22A40DBB-918C-4CB2-8178-CC2F52208E4C}.Debug|Any CPU.ActiveCfg = Debug|Any CPU
		{22A40DBB-918C-4CB2-8178-CC2F52208E4C}.Debug|Any CPU.Build.0 = Debug|Any CPU
		{22A40DBB-918C-4CB2-8178-CC2F52208E4C}.Debug|ARM.ActiveCfg = Debug|Any CPU
		{22A40DBB-918C-4CB2-8178-CC2F52208E4C}.Debug|ARM.Build.0 = Debug|Any CPU
		{22A40DBB-918C-4CB2-8178-CC2F52208E4C}.Debug|iPhone.ActiveCfg = Debug|Any CPU
		{22A40DBB-918C-4CB2-8178-CC2F52208E4C}.Debug|iPhone.Build.0 = Debug|Any CPU
		{22A40DBB-918C-4CB2-8178-CC2F52208E4C}.Debug|iPhoneSimulator.ActiveCfg = Debug|Any CPU
		{22A40DBB-918C-4CB2-8178-CC2F52208E4C}.Debug|iPhoneSimulator.Build.0 = Debug|Any CPU
		{22A40DBB-918C-4CB2-8178-CC2F52208E4C}.Debug|x64.ActiveCfg = Debug|Any CPU
		{22A40DBB-918C-4CB2-8178-CC2F52208E4C}.Debug|x64.Build.0 = Debug|Any CPU
		{22A40DBB-918C-4CB2-8178-CC2F52208E4C}.Debug|x86.ActiveCfg = Debug|Any CPU
		{22A40DBB-918C-4CB2-8178-CC2F52208E4C}.Debug|x86.Build.0 = Debug|Any CPU
		{22A40DBB-918C-4CB2-8178-CC2F52208E4C}.Release|Any CPU.ActiveCfg = Release|Any CPU
		{22A40DBB-918C-4CB2-8178-CC2F52208E4C}.Release|Any CPU.Build.0 = Release|Any CPU
		{22A40DBB-918C-4CB2-8178-CC2F52208E4C}.Release|ARM.ActiveCfg = Release|Any CPU
		{22A40DBB-918C-4CB2-8178-CC2F52208E4C}.Release|ARM.Build.0 = Release|Any CPU
		{22A40DBB-918C-4CB2-8178-CC2F52208E4C}.Release|iPhone.ActiveCfg = Release|Any CPU
		{22A40DBB-918C-4CB2-8178-CC2F52208E4C}.Release|iPhone.Build.0 = Release|Any CPU
		{22A40DBB-918C-4CB2-8178-CC2F52208E4C}.Release|iPhoneSimulator.ActiveCfg = Release|Any CPU
		{22A40DBB-918C-4CB2-8178-CC2F52208E4C}.Release|iPhoneSimulator.Build.0 = Release|Any CPU
		{22A40DBB-918C-4CB2-8178-CC2F52208E4C}.Release|x64.ActiveCfg = Release|Any CPU
		{22A40DBB-918C-4CB2-8178-CC2F52208E4C}.Release|x64.Build.0 = Release|Any CPU
		{22A40DBB-918C-4CB2-8178-CC2F52208E4C}.Release|x86.ActiveCfg = Release|Any CPU
		{22A40DBB-918C-4CB2-8178-CC2F52208E4C}.Release|x86.Build.0 = Release|Any CPU
		{CECA9FBC-EEE5-411A-BA30-AAC87733D4B6}.Ad-Hoc|Any CPU.ActiveCfg = Debug|Any CPU
		{CECA9FBC-EEE5-411A-BA30-AAC87733D4B6}.Ad-Hoc|Any CPU.Build.0 = Debug|Any CPU
		{CECA9FBC-EEE5-411A-BA30-AAC87733D4B6}.Ad-Hoc|ARM.ActiveCfg = Debug|Any CPU
		{CECA9FBC-EEE5-411A-BA30-AAC87733D4B6}.Ad-Hoc|ARM.Build.0 = Debug|Any CPU
		{CECA9FBC-EEE5-411A-BA30-AAC87733D4B6}.Ad-Hoc|iPhone.ActiveCfg = Debug|Any CPU
		{CECA9FBC-EEE5-411A-BA30-AAC87733D4B6}.Ad-Hoc|iPhone.Build.0 = Debug|Any CPU
		{CECA9FBC-EEE5-411A-BA30-AAC87733D4B6}.Ad-Hoc|iPhoneSimulator.ActiveCfg = Debug|Any CPU
		{CECA9FBC-EEE5-411A-BA30-AAC87733D4B6}.Ad-Hoc|iPhoneSimulator.Build.0 = Debug|Any CPU
		{CECA9FBC-EEE5-411A-BA30-AAC87733D4B6}.Ad-Hoc|x64.ActiveCfg = Debug|Any CPU
		{CECA9FBC-EEE5-411A-BA30-AAC87733D4B6}.Ad-Hoc|x64.Build.0 = Debug|Any CPU
		{CECA9FBC-EEE5-411A-BA30-AAC87733D4B6}.Ad-Hoc|x86.ActiveCfg = Debug|Any CPU
		{CECA9FBC-EEE5-411A-BA30-AAC87733D4B6}.Ad-Hoc|x86.Build.0 = Debug|Any CPU
		{CECA9FBC-EEE5-411A-BA30-AAC87733D4B6}.AppStore|Any CPU.ActiveCfg = Debug|Any CPU
		{CECA9FBC-EEE5-411A-BA30-AAC87733D4B6}.AppStore|Any CPU.Build.0 = Debug|Any CPU
		{CECA9FBC-EEE5-411A-BA30-AAC87733D4B6}.AppStore|ARM.ActiveCfg = Debug|Any CPU
		{CECA9FBC-EEE5-411A-BA30-AAC87733D4B6}.AppStore|ARM.Build.0 = Debug|Any CPU
		{CECA9FBC-EEE5-411A-BA30-AAC87733D4B6}.AppStore|iPhone.ActiveCfg = Debug|Any CPU
		{CECA9FBC-EEE5-411A-BA30-AAC87733D4B6}.AppStore|iPhone.Build.0 = Debug|Any CPU
		{CECA9FBC-EEE5-411A-BA30-AAC87733D4B6}.AppStore|iPhoneSimulator.ActiveCfg = Debug|Any CPU
		{CECA9FBC-EEE5-411A-BA30-AAC87733D4B6}.AppStore|iPhoneSimulator.Build.0 = Debug|Any CPU
		{CECA9FBC-EEE5-411A-BA30-AAC87733D4B6}.AppStore|x64.ActiveCfg = Debug|Any CPU
		{CECA9FBC-EEE5-411A-BA30-AAC87733D4B6}.AppStore|x64.Build.0 = Debug|Any CPU
		{CECA9FBC-EEE5-411A-BA30-AAC87733D4B6}.AppStore|x86.ActiveCfg = Debug|Any CPU
		{CECA9FBC-EEE5-411A-BA30-AAC87733D4B6}.AppStore|x86.Build.0 = Debug|Any CPU
		{CECA9FBC-EEE5-411A-BA30-AAC87733D4B6}.Debug|Any CPU.ActiveCfg = Debug|Any CPU
		{CECA9FBC-EEE5-411A-BA30-AAC87733D4B6}.Debug|Any CPU.Build.0 = Debug|Any CPU
		{CECA9FBC-EEE5-411A-BA30-AAC87733D4B6}.Debug|ARM.ActiveCfg = Debug|Any CPU
		{CECA9FBC-EEE5-411A-BA30-AAC87733D4B6}.Debug|ARM.Build.0 = Debug|Any CPU
		{CECA9FBC-EEE5-411A-BA30-AAC87733D4B6}.Debug|iPhone.ActiveCfg = Debug|Any CPU
		{CECA9FBC-EEE5-411A-BA30-AAC87733D4B6}.Debug|iPhone.Build.0 = Debug|Any CPU
		{CECA9FBC-EEE5-411A-BA30-AAC87733D4B6}.Debug|iPhoneSimulator.ActiveCfg = Debug|Any CPU
		{CECA9FBC-EEE5-411A-BA30-AAC87733D4B6}.Debug|iPhoneSimulator.Build.0 = Debug|Any CPU
		{CECA9FBC-EEE5-411A-BA30-AAC87733D4B6}.Debug|x64.ActiveCfg = Debug|Any CPU
		{CECA9FBC-EEE5-411A-BA30-AAC87733D4B6}.Debug|x64.Build.0 = Debug|Any CPU
		{CECA9FBC-EEE5-411A-BA30-AAC87733D4B6}.Debug|x86.ActiveCfg = Debug|Any CPU
		{CECA9FBC-EEE5-411A-BA30-AAC87733D4B6}.Debug|x86.Build.0 = Debug|Any CPU
		{CECA9FBC-EEE5-411A-BA30-AAC87733D4B6}.Release|Any CPU.ActiveCfg = Release|Any CPU
		{CECA9FBC-EEE5-411A-BA30-AAC87733D4B6}.Release|Any CPU.Build.0 = Release|Any CPU
		{CECA9FBC-EEE5-411A-BA30-AAC87733D4B6}.Release|ARM.ActiveCfg = Release|Any CPU
		{CECA9FBC-EEE5-411A-BA30-AAC87733D4B6}.Release|ARM.Build.0 = Release|Any CPU
		{CECA9FBC-EEE5-411A-BA30-AAC87733D4B6}.Release|iPhone.ActiveCfg = Release|Any CPU
		{CECA9FBC-EEE5-411A-BA30-AAC87733D4B6}.Release|iPhone.Build.0 = Release|Any CPU
		{CECA9FBC-EEE5-411A-BA30-AAC87733D4B6}.Release|iPhoneSimulator.ActiveCfg = Release|Any CPU
		{CECA9FBC-EEE5-411A-BA30-AAC87733D4B6}.Release|iPhoneSimulator.Build.0 = Release|Any CPU
		{CECA9FBC-EEE5-411A-BA30-AAC87733D4B6}.Release|x64.ActiveCfg = Release|Any CPU
		{CECA9FBC-EEE5-411A-BA30-AAC87733D4B6}.Release|x64.Build.0 = Release|Any CPU
		{CECA9FBC-EEE5-411A-BA30-AAC87733D4B6}.Release|x86.ActiveCfg = Release|Any CPU
		{CECA9FBC-EEE5-411A-BA30-AAC87733D4B6}.Release|x86.Build.0 = Release|Any CPU
		{A30C9DD4-D4EA-44DA-B290-16F93E7B2E1E}.Ad-Hoc|Any CPU.ActiveCfg = Release|Any CPU
		{A30C9DD4-D4EA-44DA-B290-16F93E7B2E1E}.Ad-Hoc|Any CPU.Build.0 = Release|Any CPU
		{A30C9DD4-D4EA-44DA-B290-16F93E7B2E1E}.Ad-Hoc|ARM.ActiveCfg = Release|Any CPU
		{A30C9DD4-D4EA-44DA-B290-16F93E7B2E1E}.Ad-Hoc|ARM.Build.0 = Release|Any CPU
		{A30C9DD4-D4EA-44DA-B290-16F93E7B2E1E}.Ad-Hoc|iPhone.ActiveCfg = Release|Any CPU
		{A30C9DD4-D4EA-44DA-B290-16F93E7B2E1E}.Ad-Hoc|iPhone.Build.0 = Release|Any CPU
		{A30C9DD4-D4EA-44DA-B290-16F93E7B2E1E}.Ad-Hoc|iPhoneSimulator.ActiveCfg = Release|Any CPU
		{A30C9DD4-D4EA-44DA-B290-16F93E7B2E1E}.Ad-Hoc|iPhoneSimulator.Build.0 = Release|Any CPU
		{A30C9DD4-D4EA-44DA-B290-16F93E7B2E1E}.Ad-Hoc|x64.ActiveCfg = Release|Any CPU
		{A30C9DD4-D4EA-44DA-B290-16F93E7B2E1E}.Ad-Hoc|x64.Build.0 = Release|Any CPU
		{A30C9DD4-D4EA-44DA-B290-16F93E7B2E1E}.Ad-Hoc|x86.ActiveCfg = Release|Any CPU
		{A30C9DD4-D4EA-44DA-B290-16F93E7B2E1E}.Ad-Hoc|x86.Build.0 = Release|Any CPU
		{A30C9DD4-D4EA-44DA-B290-16F93E7B2E1E}.AppStore|Any CPU.ActiveCfg = Release|Any CPU
		{A30C9DD4-D4EA-44DA-B290-16F93E7B2E1E}.AppStore|Any CPU.Build.0 = Release|Any CPU
		{A30C9DD4-D4EA-44DA-B290-16F93E7B2E1E}.AppStore|ARM.ActiveCfg = Release|Any CPU
		{A30C9DD4-D4EA-44DA-B290-16F93E7B2E1E}.AppStore|ARM.Build.0 = Release|Any CPU
		{A30C9DD4-D4EA-44DA-B290-16F93E7B2E1E}.AppStore|iPhone.ActiveCfg = Release|Any CPU
		{A30C9DD4-D4EA-44DA-B290-16F93E7B2E1E}.AppStore|iPhone.Build.0 = Release|Any CPU
		{A30C9DD4-D4EA-44DA-B290-16F93E7B2E1E}.AppStore|iPhoneSimulator.ActiveCfg = Release|Any CPU
		{A30C9DD4-D4EA-44DA-B290-16F93E7B2E1E}.AppStore|iPhoneSimulator.Build.0 = Release|Any CPU
		{A30C9DD4-D4EA-44DA-B290-16F93E7B2E1E}.AppStore|x64.ActiveCfg = Release|Any CPU
		{A30C9DD4-D4EA-44DA-B290-16F93E7B2E1E}.AppStore|x64.Build.0 = Release|Any CPU
		{A30C9DD4-D4EA-44DA-B290-16F93E7B2E1E}.AppStore|x86.ActiveCfg = Release|Any CPU
		{A30C9DD4-D4EA-44DA-B290-16F93E7B2E1E}.AppStore|x86.Build.0 = Release|Any CPU
		{A30C9DD4-D4EA-44DA-B290-16F93E7B2E1E}.Debug|Any CPU.ActiveCfg = Debug|Any CPU
		{A30C9DD4-D4EA-44DA-B290-16F93E7B2E1E}.Debug|Any CPU.Build.0 = Debug|Any CPU
		{A30C9DD4-D4EA-44DA-B290-16F93E7B2E1E}.Debug|ARM.ActiveCfg = Debug|Any CPU
		{A30C9DD4-D4EA-44DA-B290-16F93E7B2E1E}.Debug|ARM.Build.0 = Debug|Any CPU
		{A30C9DD4-D4EA-44DA-B290-16F93E7B2E1E}.Debug|iPhone.ActiveCfg = Debug|Any CPU
		{A30C9DD4-D4EA-44DA-B290-16F93E7B2E1E}.Debug|iPhone.Build.0 = Debug|Any CPU
		{A30C9DD4-D4EA-44DA-B290-16F93E7B2E1E}.Debug|iPhoneSimulator.ActiveCfg = Debug|Any CPU
		{A30C9DD4-D4EA-44DA-B290-16F93E7B2E1E}.Debug|iPhoneSimulator.Build.0 = Debug|Any CPU
		{A30C9DD4-D4EA-44DA-B290-16F93E7B2E1E}.Debug|x64.ActiveCfg = Debug|Any CPU
		{A30C9DD4-D4EA-44DA-B290-16F93E7B2E1E}.Debug|x64.Build.0 = Debug|Any CPU
		{A30C9DD4-D4EA-44DA-B290-16F93E7B2E1E}.Debug|x86.ActiveCfg = Debug|Any CPU
		{A30C9DD4-D4EA-44DA-B290-16F93E7B2E1E}.Debug|x86.Build.0 = Debug|Any CPU
		{A30C9DD4-D4EA-44DA-B290-16F93E7B2E1E}.Release|Any CPU.ActiveCfg = Release|Any CPU
		{A30C9DD4-D4EA-44DA-B290-16F93E7B2E1E}.Release|Any CPU.Build.0 = Release|Any CPU
		{A30C9DD4-D4EA-44DA-B290-16F93E7B2E1E}.Release|ARM.ActiveCfg = Release|Any CPU
		{A30C9DD4-D4EA-44DA-B290-16F93E7B2E1E}.Release|ARM.Build.0 = Release|Any CPU
		{A30C9DD4-D4EA-44DA-B290-16F93E7B2E1E}.Release|iPhone.ActiveCfg = Release|Any CPU
		{A30C9DD4-D4EA-44DA-B290-16F93E7B2E1E}.Release|iPhone.Build.0 = Release|Any CPU
		{A30C9DD4-D4EA-44DA-B290-16F93E7B2E1E}.Release|iPhoneSimulator.ActiveCfg = Release|Any CPU
		{A30C9DD4-D4EA-44DA-B290-16F93E7B2E1E}.Release|iPhoneSimulator.Build.0 = Release|Any CPU
		{A30C9DD4-D4EA-44DA-B290-16F93E7B2E1E}.Release|x64.ActiveCfg = Release|Any CPU
		{A30C9DD4-D4EA-44DA-B290-16F93E7B2E1E}.Release|x64.Build.0 = Release|Any CPU
		{A30C9DD4-D4EA-44DA-B290-16F93E7B2E1E}.Release|x86.ActiveCfg = Release|Any CPU
		{A30C9DD4-D4EA-44DA-B290-16F93E7B2E1E}.Release|x86.Build.0 = Release|Any CPU
	EndGlobalSection
	GlobalSection(SolutionProperties) = preSolution
		HideSolutionNode = FALSE
	EndGlobalSection
	GlobalSection(ExtensibilityGlobals) = postSolution
		SolutionGuid = {295D2DC9-116D-4443-83FB-50A4A095E6D0}
	EndGlobalSection
EndGlobal
