
Microsoft Visual Studio Solution File, Format Version 12.00
# Visual Studio 15
VisualStudioVersion = 15.0.28307.421
MinimumVisualStudioVersion = 10.0.40219.1
Project("{FAE04EC0-301F-11D3-BF4B-00C04F79EFBC}") = "GestDG.Android", "GestDG\GestDG.Android\GestDG.Android.csproj", "{4D7CB33D-D72B-418E-9332-685C46DF4567}"
EndProject
Project("{FAE04EC0-301F-11D3-BF4B-00C04F79EFBC}") = "GestDG.iOS", "GestDG\GestDG.iOS\GestDG.iOS.csproj", "{C199D8BA-F852-46B2-8D45-BD3F764422EF}"
EndProject
Project("{FAE04EC0-301F-11D3-BF4B-00C04F79EFBC}") = "GestDG.UWP", "GestDG\GestDG.UWP\GestDG.UWP.csproj", "{CEA6CA6B-81C6-4C96-A2AD-5C91A37F1673}"
EndProject
Project("{9A19103F-16F7-4668-BE54-9A1E7A4F7556}") = "GestDG", "GestDG\GestDG\GestDG.csproj", "{BC8487E3-3B4C-4F6E-9081-8C6D4CA6BAB1}"
EndProject
Global
	GlobalSection(SolutionConfigurationPlatforms) = preSolution
		Ad-Hoc|Any CPU = Ad-Hoc|Any CPU
		Ad-Hoc|ARM = Ad-Hoc|ARM
		Ad-Hoc|iPhone = Ad-Hoc|iPhone
		Ad-Hoc|iPhoneSimulator = Ad-Hoc|iPhoneSimulator
		Ad-Hoc|x64 = Ad-Hoc|x64
		Ad-Hoc|x86 = Ad-Hoc|x86
		AppStore|Any CPU = AppStore|Any CPU
		AppStore|ARM = AppStore|ARM
		AppStore|iPhone = AppStore|iPhone
		AppStore|iPhoneSimulator = AppStore|iPhoneSimulator
		AppStore|x64 = AppStore|x64
		AppStore|x86 = AppStore|x86
		Debug|Any CPU = Debug|Any CPU
		Debug|ARM = Debug|ARM
		Debug|iPhone = Debug|iPhone
		Debug|iPhoneSimulator = Debug|iPhoneSimulator
		Debug|x64 = Debug|x64
		Debug|x86 = Debug|x86
		Release|Any CPU = Release|Any CPU
		Release|ARM = Release|ARM
		Release|iPhone = Release|iPhone
		Release|iPhoneSimulator = Release|iPhoneSimulator
		Release|x64 = Release|x64
		Release|x86 = Release|x86
	EndGlobalSection
	GlobalSection(ProjectConfigurationPlatforms) = postSolution
		{4D7CB33D-D72B-418E-9332-685C46DF4567}.Ad-Hoc|Any CPU.ActiveCfg = Release|Any CPU
		{4D7CB33D-D72B-418E-9332-685C46DF4567}.Ad-Hoc|Any CPU.Build.0 = Release|Any CPU
		{4D7CB33D-D72B-418E-9332-685C46DF4567}.Ad-Hoc|Any CPU.Deploy.0 = Release|Any CPU
		{4D7CB33D-D72B-418E-9332-685C46DF4567}.Ad-Hoc|ARM.ActiveCfg = Release|Any CPU
		{4D7CB33D-D72B-418E-9332-685C46DF4567}.Ad-Hoc|ARM.Build.0 = Release|Any CPU
		{4D7CB33D-D72B-418E-9332-685C46DF4567}.Ad-Hoc|ARM.Deploy.0 = Release|Any CPU
		{4D7CB33D-D72B-418E-9332-685C46DF4567}.Ad-Hoc|iPhone.ActiveCfg = Release|Any CPU
		{4D7CB33D-D72B-418E-9332-685C46DF4567}.Ad-Hoc|iPhone.Build.0 = Release|Any CPU
		{4D7CB33D-D72B-418E-9332-685C46DF4567}.Ad-Hoc|iPhone.Deploy.0 = Release|Any CPU
		{4D7CB33D-D72B-418E-9332-685C46DF4567}.Ad-Hoc|iPhoneSimulator.ActiveCfg = Release|Any CPU
		{4D7CB33D-D72B-418E-9332-685C46DF4567}.Ad-Hoc|iPhoneSimulator.Build.0 = Release|Any CPU
		{4D7CB33D-D72B-418E-9332-685C46DF4567}.Ad-Hoc|iPhoneSimulator.Deploy.0 = Release|Any CPU
		{4D7CB33D-D72B-418E-9332-685C46DF4567}.Ad-Hoc|x64.ActiveCfg = Release|Any CPU
		{4D7CB33D-D72B-418E-9332-685C46DF4567}.Ad-Hoc|x64.Build.0 = Release|Any CPU
		{4D7CB33D-D72B-418E-9332-685C46DF4567}.Ad-Hoc|x64.Deploy.0 = Release|Any CPU
		{4D7CB33D-D72B-418E-9332-685C46DF4567}.Ad-Hoc|x86.ActiveCfg = Release|Any CPU
		{4D7CB33D-D72B-418E-9332-685C46DF4567}.Ad-Hoc|x86.Build.0 = Release|Any CPU
		{4D7CB33D-D72B-418E-9332-685C46DF4567}.Ad-Hoc|x86.Deploy.0 = Release|Any CPU
		{4D7CB33D-D72B-418E-9332-685C46DF4567}.AppStore|Any CPU.ActiveCfg = Release|Any CPU
		{4D7CB33D-D72B-418E-9332-685C46DF4567}.AppStore|Any CPU.Build.0 = Release|Any CPU
		{4D7CB33D-D72B-418E-9332-685C46DF4567}.AppStore|Any CPU.Deploy.0 = Release|Any CPU
		{4D7CB33D-D72B-418E-9332-685C46DF4567}.AppStore|ARM.ActiveCfg = Release|Any CPU
		{4D7CB33D-D72B-418E-9332-685C46DF4567}.AppStore|ARM.Build.0 = Release|Any CPU
		{4D7CB33D-D72B-418E-9332-685C46DF4567}.AppStore|ARM.Deploy.0 = Release|Any CPU
		{4D7CB33D-D72B-418E-9332-685C46DF4567}.AppStore|iPhone.ActiveCfg = Release|Any CPU
		{4D7CB33D-D72B-418E-9332-685C46DF4567}.AppStore|iPhone.Build.0 = Release|Any CPU
		{4D7CB33D-D72B-418E-9332-685C46DF4567}.AppStore|iPhone.Deploy.0 = Release|Any CPU
		{4D7CB33D-D72B-418E-9332-685C46DF4567}.AppStore|iPhoneSimulator.ActiveCfg = Release|Any CPU
		{4D7CB33D-D72B-418E-9332-685C46DF4567}.AppStore|iPhoneSimulator.Build.0 = Release|Any CPU
		{4D7CB33D-D72B-418E-9332-685C46DF4567}.AppStore|iPhoneSimulator.Deploy.0 = Release|Any CPU
		{4D7CB33D-D72B-418E-9332-685C46DF4567}.AppStore|x64.ActiveCfg = Release|Any CPU
		{4D7CB33D-D72B-418E-9332-685C46DF4567}.AppStore|x64.Build.0 = Release|Any CPU
		{4D7CB33D-D72B-418E-9332-685C46DF4567}.AppStore|x64.Deploy.0 = Release|Any CPU
		{4D7CB33D-D72B-418E-9332-685C46DF4567}.AppStore|x86.ActiveCfg = Release|Any CPU
		{4D7CB33D-D72B-418E-9332-685C46DF4567}.AppStore|x86.Build.0 = Release|Any CPU
		{4D7CB33D-D72B-418E-9332-685C46DF4567}.AppStore|x86.Deploy.0 = Release|Any CPU
		{4D7CB33D-D72B-418E-9332-685C46DF4567}.Debug|Any CPU.ActiveCfg = Debug|Any CPU
		{4D7CB33D-D72B-418E-9332-685C46DF4567}.Debug|Any CPU.Build.0 = Debug|Any CPU
		{4D7CB33D-D72B-418E-9332-685C46DF4567}.Debug|Any CPU.Deploy.0 = Debug|Any CPU
		{4D7CB33D-D72B-418E-9332-685C46DF4567}.Debug|ARM.ActiveCfg = Debug|Any CPU
		{4D7CB33D-D72B-418E-9332-685C46DF4567}.Debug|ARM.Build.0 = Debug|Any CPU
		{4D7CB33D-D72B-418E-9332-685C46DF4567}.Debug|ARM.Deploy.0 = Debug|Any CPU
		{4D7CB33D-D72B-418E-9332-685C46DF4567}.Debug|iPhone.ActiveCfg = Debug|Any CPU
		{4D7CB33D-D72B-418E-9332-685C46DF4567}.Debug|iPhone.Build.0 = Debug|Any CPU
		{4D7CB33D-D72B-418E-9332-685C46DF4567}.Debug|iPhone.Deploy.0 = Debug|Any CPU
		{4D7CB33D-D72B-418E-9332-685C46DF4567}.Debug|iPhoneSimulator.ActiveCfg = Debug|Any CPU
		{4D7CB33D-D72B-418E-9332-685C46DF4567}.Debug|iPhoneSimulator.Build.0 = Debug|Any CPU
		{4D7CB33D-D72B-418E-9332-685C46DF4567}.Debug|iPhoneSimulator.Deploy.0 = Debug|Any CPU
		{4D7CB33D-D72B-418E-9332-685C46DF4567}.Debug|x64.ActiveCfg = Debug|Any CPU
		{4D7CB33D-D72B-418E-9332-685C46DF4567}.Debug|x64.Build.0 = Debug|Any CPU
		{4D7CB33D-D72B-418E-9332-685C46DF4567}.Debug|x64.Deploy.0 = Debug|Any CPU
		{4D7CB33D-D72B-418E-9332-685C46DF4567}.Debug|x86.ActiveCfg = Debug|Any CPU
		{4D7CB33D-D72B-418E-9332-685C46DF4567}.Debug|x86.Build.0 = Debug|Any CPU
		{4D7CB33D-D72B-418E-9332-685C46DF4567}.Debug|x86.Deploy.0 = Debug|Any CPU
		{4D7CB33D-D72B-418E-9332-685C46DF4567}.Release|Any CPU.ActiveCfg = Release|Any CPU
		{4D7CB33D-D72B-418E-9332-685C46DF4567}.Release|Any CPU.Build.0 = Release|Any CPU
		{4D7CB33D-D72B-418E-9332-685C46DF4567}.Release|Any CPU.Deploy.0 = Release|Any CPU
		{4D7CB33D-D72B-418E-9332-685C46DF4567}.Release|ARM.ActiveCfg = Release|Any CPU
		{4D7CB33D-D72B-418E-9332-685C46DF4567}.Release|ARM.Build.0 = Release|Any CPU
		{4D7CB33D-D72B-418E-9332-685C46DF4567}.Release|ARM.Deploy.0 = Release|Any CPU
		{4D7CB33D-D72B-418E-9332-685C46DF4567}.Release|iPhone.ActiveCfg = Release|Any CPU
		{4D7CB33D-D72B-418E-9332-685C46DF4567}.Release|iPhone.Build.0 = Release|Any CPU
		{4D7CB33D-D72B-418E-9332-685C46DF4567}.Release|iPhone.Deploy.0 = Release|Any CPU
		{4D7CB33D-D72B-418E-9332-685C46DF4567}.Release|iPhoneSimulator.ActiveCfg = Release|Any CPU
		{4D7CB33D-D72B-418E-9332-685C46DF4567}.Release|iPhoneSimulator.Build.0 = Release|Any CPU
		{4D7CB33D-D72B-418E-9332-685C46DF4567}.Release|iPhoneSimulator.Deploy.0 = Release|Any CPU
		{4D7CB33D-D72B-418E-9332-685C46DF4567}.Release|x64.ActiveCfg = Release|Any CPU
		{4D7CB33D-D72B-418E-9332-685C46DF4567}.Release|x64.Build.0 = Release|Any CPU
		{4D7CB33D-D72B-418E-9332-685C46DF4567}.Release|x64.Deploy.0 = Release|Any CPU
		{4D7CB33D-D72B-418E-9332-685C46DF4567}.Release|x86.ActiveCfg = Release|Any CPU
		{4D7CB33D-D72B-418E-9332-685C46DF4567}.Release|x86.Build.0 = Release|Any CPU
		{4D7CB33D-D72B-418E-9332-685C46DF4567}.Release|x86.Deploy.0 = Release|Any CPU
		{C199D8BA-F852-46B2-8D45-BD3F764422EF}.Ad-Hoc|Any CPU.ActiveCfg = Ad-Hoc|iPhone
		{C199D8BA-F852-46B2-8D45-BD3F764422EF}.Ad-Hoc|Any CPU.Build.0 = Ad-Hoc|iPhone
		{C199D8BA-F852-46B2-8D45-BD3F764422EF}.Ad-Hoc|Any CPU.Deploy.0 = Ad-Hoc|iPhone
		{C199D8BA-F852-46B2-8D45-BD3F764422EF}.Ad-Hoc|ARM.ActiveCfg = Ad-Hoc|iPhone
		{C199D8BA-F852-46B2-8D45-BD3F764422EF}.Ad-Hoc|ARM.Build.0 = Ad-Hoc|iPhone
		{C199D8BA-F852-46B2-8D45-BD3F764422EF}.Ad-Hoc|ARM.Deploy.0 = Ad-Hoc|iPhone
		{C199D8BA-F852-46B2-8D45-BD3F764422EF}.Ad-Hoc|iPhone.ActiveCfg = Ad-Hoc|iPhone
		{C199D8BA-F852-46B2-8D45-BD3F764422EF}.Ad-Hoc|iPhone.Build.0 = Ad-Hoc|iPhone
		{C199D8BA-F852-46B2-8D45-BD3F764422EF}.Ad-Hoc|iPhone.Deploy.0 = Ad-Hoc|iPhone
		{C199D8BA-F852-46B2-8D45-BD3F764422EF}.Ad-Hoc|iPhoneSimulator.ActiveCfg = Ad-Hoc|iPhoneSimulator
		{C199D8BA-F852-46B2-8D45-BD3F764422EF}.Ad-Hoc|iPhoneSimulator.Build.0 = Ad-Hoc|iPhoneSimulator
		{C199D8BA-F852-46B2-8D45-BD3F764422EF}.Ad-Hoc|iPhoneSimulator.Deploy.0 = Ad-Hoc|iPhoneSimulator
		{C199D8BA-F852-46B2-8D45-BD3F764422EF}.Ad-Hoc|x64.ActiveCfg = Ad-Hoc|iPhone
		{C199D8BA-F852-46B2-8D45-BD3F764422EF}.Ad-Hoc|x64.Build.0 = Ad-Hoc|iPhone
		{C199D8BA-F852-46B2-8D45-BD3F764422EF}.Ad-Hoc|x64.Deploy.0 = Ad-Hoc|iPhone
		{C199D8BA-F852-46B2-8D45-BD3F764422EF}.Ad-Hoc|x86.ActiveCfg = Ad-Hoc|iPhone
		{C199D8BA-F852-46B2-8D45-BD3F764422EF}.Ad-Hoc|x86.Build.0 = Ad-Hoc|iPhone
		{C199D8BA-F852-46B2-8D45-BD3F764422EF}.Ad-Hoc|x86.Deploy.0 = Ad-Hoc|iPhone
		{C199D8BA-F852-46B2-8D45-BD3F764422EF}.AppStore|Any CPU.ActiveCfg = AppStore|iPhone
		{C199D8BA-F852-46B2-8D45-BD3F764422EF}.AppStore|Any CPU.Build.0 = AppStore|iPhone
		{C199D8BA-F852-46B2-8D45-BD3F764422EF}.AppStore|Any CPU.Deploy.0 = AppStore|iPhone
		{C199D8BA-F852-46B2-8D45-BD3F764422EF}.AppStore|ARM.ActiveCfg = AppStore|iPhone
		{C199D8BA-F852-46B2-8D45-BD3F764422EF}.AppStore|ARM.Build.0 = AppStore|iPhone
		{C199D8BA-F852-46B2-8D45-BD3F764422EF}.AppStore|ARM.Deploy.0 = AppStore|iPhone
		{C199D8BA-F852-46B2-8D45-BD3F764422EF}.AppStore|iPhone.ActiveCfg = AppStore|iPhone
		{C199D8BA-F852-46B2-8D45-BD3F764422EF}.AppStore|iPhone.Build.0 = AppStore|iPhone
		{C199D8BA-F852-46B2-8D45-BD3F764422EF}.AppStore|iPhone.Deploy.0 = AppStore|iPhone
		{C199D8BA-F852-46B2-8D45-BD3F764422EF}.AppStore|iPhoneSimulator.ActiveCfg = AppStore|iPhoneSimulator
		{C199D8BA-F852-46B2-8D45-BD3F764422EF}.AppStore|iPhoneSimulator.Build.0 = AppStore|iPhoneSimulator
		{C199D8BA-F852-46B2-8D45-BD3F764422EF}.AppStore|iPhoneSimulator.Deploy.0 = AppStore|iPhoneSimulator
		{C199D8BA-F852-46B2-8D45-BD3F764422EF}.AppStore|x64.ActiveCfg = AppStore|iPhone
		{C199D8BA-F852-46B2-8D45-BD3F764422EF}.AppStore|x64.Build.0 = AppStore|iPhone
		{C199D8BA-F852-46B2-8D45-BD3F764422EF}.AppStore|x64.Deploy.0 = AppStore|iPhone
		{C199D8BA-F852-46B2-8D45-BD3F764422EF}.AppStore|x86.ActiveCfg = AppStore|iPhone
		{C199D8BA-F852-46B2-8D45-BD3F764422EF}.AppStore|x86.Build.0 = AppStore|iPhone
		{C199D8BA-F852-46B2-8D45-BD3F764422EF}.AppStore|x86.Deploy.0 = AppStore|iPhone
		{C199D8BA-F852-46B2-8D45-BD3F764422EF}.Debug|Any CPU.ActiveCfg = Debug|iPhoneSimulator
		{C199D8BA-F852-46B2-8D45-BD3F764422EF}.Debug|Any CPU.Build.0 = Debug|iPhoneSimulator
		{C199D8BA-F852-46B2-8D45-BD3F764422EF}.Debug|Any CPU.Deploy.0 = Debug|iPhoneSimulator
		{C199D8BA-F852-46B2-8D45-BD3F764422EF}.Debug|ARM.ActiveCfg = Debug|iPhone
		{C199D8BA-F852-46B2-8D45-BD3F764422EF}.Debug|ARM.Build.0 = Debug|iPhone
		{C199D8BA-F852-46B2-8D45-BD3F764422EF}.Debug|ARM.Deploy.0 = Debug|iPhone
		{C199D8BA-F852-46B2-8D45-BD3F764422EF}.Debug|iPhone.ActiveCfg = Debug|iPhone
		{C199D8BA-F852-46B2-8D45-BD3F764422EF}.Debug|iPhone.Build.0 = Debug|iPhone
		{C199D8BA-F852-46B2-8D45-BD3F764422EF}.Debug|iPhone.Deploy.0 = Debug|iPhone
		{C199D8BA-F852-46B2-8D45-BD3F764422EF}.Debug|iPhoneSimulator.ActiveCfg = Debug|iPhoneSimulator
		{C199D8BA-F852-46B2-8D45-BD3F764422EF}.Debug|iPhoneSimulator.Build.0 = Debug|iPhoneSimulator
		{C199D8BA-F852-46B2-8D45-BD3F764422EF}.Debug|iPhoneSimulator.Deploy.0 = Debug|iPhoneSimulator
		{C199D8BA-F852-46B2-8D45-BD3F764422EF}.Debug|x64.ActiveCfg = Debug|iPhone
		{C199D8BA-F852-46B2-8D45-BD3F764422EF}.Debug|x64.Build.0 = Debug|iPhone
		{C199D8BA-F852-46B2-8D45-BD3F764422EF}.Debug|x64.Deploy.0 = Debug|iPhone
		{C199D8BA-F852-46B2-8D45-BD3F764422EF}.Debug|x86.ActiveCfg = Debug|iPhone
		{C199D8BA-F852-46B2-8D45-BD3F764422EF}.Debug|x86.Build.0 = Debug|iPhone
		{C199D8BA-F852-46B2-8D45-BD3F764422EF}.Debug|x86.Deploy.0 = Debug|iPhone
		{C199D8BA-F852-46B2-8D45-BD3F764422EF}.Release|Any CPU.ActiveCfg = Release|iPhone
		{C199D8BA-F852-46B2-8D45-BD3F764422EF}.Release|Any CPU.Build.0 = Release|iPhone
		{C199D8BA-F852-46B2-8D45-BD3F764422EF}.Release|Any CPU.Deploy.0 = Release|iPhone
		{C199D8BA-F852-46B2-8D45-BD3F764422EF}.Release|ARM.ActiveCfg = Release|iPhone
		{C199D8BA-F852-46B2-8D45-BD3F764422EF}.Release|ARM.Build.0 = Release|iPhone
		{C199D8BA-F852-46B2-8D45-BD3F764422EF}.Release|ARM.Deploy.0 = Release|iPhone
		{C199D8BA-F852-46B2-8D45-BD3F764422EF}.Release|iPhone.ActiveCfg = Release|iPhone
		{C199D8BA-F852-46B2-8D45-BD3F764422EF}.Release|iPhone.Build.0 = Release|iPhone
		{C199D8BA-F852-46B2-8D45-BD3F764422EF}.Release|iPhone.Deploy.0 = Release|iPhone
		{C199D8BA-F852-46B2-8D45-BD3F764422EF}.Release|iPhoneSimulator.ActiveCfg = Release|iPhoneSimulator
		{C199D8BA-F852-46B2-8D45-BD3F764422EF}.Release|iPhoneSimulator.Build.0 = Release|iPhoneSimulator
		{C199D8BA-F852-46B2-8D45-BD3F764422EF}.Release|iPhoneSimulator.Deploy.0 = Release|iPhoneSimulator
		{C199D8BA-F852-46B2-8D45-BD3F764422EF}.Release|x64.ActiveCfg = Release|iPhone
		{C199D8BA-F852-46B2-8D45-BD3F764422EF}.Release|x64.Build.0 = Release|iPhone
		{C199D8BA-F852-46B2-8D45-BD3F764422EF}.Release|x64.Deploy.0 = Release|iPhone
		{C199D8BA-F852-46B2-8D45-BD3F764422EF}.Release|x86.ActiveCfg = Release|iPhone
		{C199D8BA-F852-46B2-8D45-BD3F764422EF}.Release|x86.Build.0 = Release|iPhone
		{C199D8BA-F852-46B2-8D45-BD3F764422EF}.Release|x86.Deploy.0 = Release|iPhone
		{CEA6CA6B-81C6-4C96-A2AD-5C91A37F1673}.Ad-Hoc|Any CPU.ActiveCfg = Release|x86
		{CEA6CA6B-81C6-4C96-A2AD-5C91A37F1673}.Ad-Hoc|Any CPU.Build.0 = Release|x86
		{CEA6CA6B-81C6-4C96-A2AD-5C91A37F1673}.Ad-Hoc|Any CPU.Deploy.0 = Release|x86
		{CEA6CA6B-81C6-4C96-A2AD-5C91A37F1673}.Ad-Hoc|ARM.ActiveCfg = Release|ARM
		{CEA6CA6B-81C6-4C96-A2AD-5C91A37F1673}.Ad-Hoc|ARM.Build.0 = Release|ARM
		{CEA6CA6B-81C6-4C96-A2AD-5C91A37F1673}.Ad-Hoc|ARM.Deploy.0 = Release|ARM
		{CEA6CA6B-81C6-4C96-A2AD-5C91A37F1673}.Ad-Hoc|iPhone.ActiveCfg = Release|x86
		{CEA6CA6B-81C6-4C96-A2AD-5C91A37F1673}.Ad-Hoc|iPhone.Build.0 = Release|x86
		{CEA6CA6B-81C6-4C96-A2AD-5C91A37F1673}.Ad-Hoc|iPhone.Deploy.0 = Release|x86
		{CEA6CA6B-81C6-4C96-A2AD-5C91A37F1673}.Ad-Hoc|iPhoneSimulator.ActiveCfg = Release|x86
		{CEA6CA6B-81C6-4C96-A2AD-5C91A37F1673}.Ad-Hoc|iPhoneSimulator.Build.0 = Release|x86
		{CEA6CA6B-81C6-4C96-A2AD-5C91A37F1673}.Ad-Hoc|iPhoneSimulator.Deploy.0 = Release|x86
		{CEA6CA6B-81C6-4C96-A2AD-5C91A37F1673}.Ad-Hoc|x64.ActiveCfg = Release|x64
		{CEA6CA6B-81C6-4C96-A2AD-5C91A37F1673}.Ad-Hoc|x64.Build.0 = Release|x64
		{CEA6CA6B-81C6-4C96-A2AD-5C91A37F1673}.Ad-Hoc|x64.Deploy.0 = Release|x64
		{CEA6CA6B-81C6-4C96-A2AD-5C91A37F1673}.Ad-Hoc|x86.ActiveCfg = Release|x86
		{CEA6CA6B-81C6-4C96-A2AD-5C91A37F1673}.Ad-Hoc|x86.Build.0 = Release|x86
		{CEA6CA6B-81C6-4C96-A2AD-5C91A37F1673}.Ad-Hoc|x86.Deploy.0 = Release|x86
		{CEA6CA6B-81C6-4C96-A2AD-5C91A37F1673}.AppStore|Any CPU.ActiveCfg = Release|x86
		{CEA6CA6B-81C6-4C96-A2AD-5C91A37F1673}.AppStore|Any CPU.Build.0 = Release|x86
		{CEA6CA6B-81C6-4C96-A2AD-5C91A37F1673}.AppStore|Any CPU.Deploy.0 = Release|x86
		{CEA6CA6B-81C6-4C96-A2AD-5C91A37F1673}.AppStore|ARM.ActiveCfg = Release|ARM
		{CEA6CA6B-81C6-4C96-A2AD-5C91A37F1673}.AppStore|ARM.Build.0 = Release|ARM
		{CEA6CA6B-81C6-4C96-A2AD-5C91A37F1673}.AppStore|ARM.Deploy.0 = Release|ARM
		{CEA6CA6B-81C6-4C96-A2AD-5C91A37F1673}.AppStore|iPhone.ActiveCfg = Release|x86
		{CEA6CA6B-81C6-4C96-A2AD-5C91A37F1673}.AppStore|iPhone.Build.0 = Release|x86
		{CEA6CA6B-81C6-4C96-A2AD-5C91A37F1673}.AppStore|iPhone.Deploy.0 = Release|x86
		{CEA6CA6B-81C6-4C96-A2AD-5C91A37F1673}.AppStore|iPhoneSimulator.ActiveCfg = Release|x86
		{CEA6CA6B-81C6-4C96-A2AD-5C91A37F1673}.AppStore|iPhoneSimulator.Build.0 = Release|x86
		{CEA6CA6B-81C6-4C96-A2AD-5C91A37F1673}.AppStore|iPhoneSimulator.Deploy.0 = Release|x86
		{CEA6CA6B-81C6-4C96-A2AD-5C91A37F1673}.AppStore|x64.ActiveCfg = Release|x64
		{CEA6CA6B-81C6-4C96-A2AD-5C91A37F1673}.AppStore|x64.Build.0 = Release|x64
		{CEA6CA6B-81C6-4C96-A2AD-5C91A37F1673}.AppStore|x64.Deploy.0 = Release|x64
		{CEA6CA6B-81C6-4C96-A2AD-5C91A37F1673}.AppStore|x86.ActiveCfg = Release|x86
		{CEA6CA6B-81C6-4C96-A2AD-5C91A37F1673}.AppStore|x86.Build.0 = Release|x86
		{CEA6CA6B-81C6-4C96-A2AD-5C91A37F1673}.AppStore|x86.Deploy.0 = Release|x86
		{CEA6CA6B-81C6-4C96-A2AD-5C91A37F1673}.Debug|Any CPU.ActiveCfg = Debug|x86
		{CEA6CA6B-81C6-4C96-A2AD-5C91A37F1673}.Debug|Any CPU.Build.0 = Debug|x86
		{CEA6CA6B-81C6-4C96-A2AD-5C91A37F1673}.Debug|Any CPU.Deploy.0 = Debug|x86
		{CEA6CA6B-81C6-4C96-A2AD-5C91A37F1673}.Debug|ARM.ActiveCfg = Debug|ARM
		{CEA6CA6B-81C6-4C96-A2AD-5C91A37F1673}.Debug|ARM.Build.0 = Debug|ARM
		{CEA6CA6B-81C6-4C96-A2AD-5C91A37F1673}.Debug|ARM.Deploy.0 = Debug|ARM
		{CEA6CA6B-81C6-4C96-A2AD-5C91A37F1673}.Debug|iPhone.ActiveCfg = Debug|x86
		{CEA6CA6B-81C6-4C96-A2AD-5C91A37F1673}.Debug|iPhone.Build.0 = Debug|x86
		{CEA6CA6B-81C6-4C96-A2AD-5C91A37F1673}.Debug|iPhone.Deploy.0 = Debug|x86
		{CEA6CA6B-81C6-4C96-A2AD-5C91A37F1673}.Debug|iPhoneSimulator.ActiveCfg = Debug|x86
		{CEA6CA6B-81C6-4C96-A2AD-5C91A37F1673}.Debug|iPhoneSimulator.Build.0 = Debug|x86
		{CEA6CA6B-81C6-4C96-A2AD-5C91A37F1673}.Debug|iPhoneSimulator.Deploy.0 = Debug|x86
		{CEA6CA6B-81C6-4C96-A2AD-5C91A37F1673}.Debug|x64.ActiveCfg = Debug|x64
		{CEA6CA6B-81C6-4C96-A2AD-5C91A37F1673}.Debug|x64.Build.0 = Debug|x64
		{CEA6CA6B-81C6-4C96-A2AD-5C91A37F1673}.Debug|x64.Deploy.0 = Debug|x64
		{CEA6CA6B-81C6-4C96-A2AD-5C91A37F1673}.Debug|x86.ActiveCfg = Debug|x86
		{CEA6CA6B-81C6-4C96-A2AD-5C91A37F1673}.Debug|x86.Build.0 = Debug|x86
		{CEA6CA6B-81C6-4C96-A2AD-5C91A37F1673}.Debug|x86.Deploy.0 = Debug|x86
		{CEA6CA6B-81C6-4C96-A2AD-5C91A37F1673}.Release|Any CPU.ActiveCfg = Release|x86
		{CEA6CA6B-81C6-4C96-A2AD-5C91A37F1673}.Release|Any CPU.Build.0 = Release|x86
		{CEA6CA6B-81C6-4C96-A2AD-5C91A37F1673}.Release|Any CPU.Deploy.0 = Release|x86
		{CEA6CA6B-81C6-4C96-A2AD-5C91A37F1673}.Release|ARM.ActiveCfg = Release|ARM
		{CEA6CA6B-81C6-4C96-A2AD-5C91A37F1673}.Release|ARM.Build.0 = Release|ARM
		{CEA6CA6B-81C6-4C96-A2AD-5C91A37F1673}.Release|ARM.Deploy.0 = Release|ARM
		{CEA6CA6B-81C6-4C96-A2AD-5C91A37F1673}.Release|iPhone.ActiveCfg = Release|x86
		{CEA6CA6B-81C6-4C96-A2AD-5C91A37F1673}.Release|iPhone.Build.0 = Release|x86
		{CEA6CA6B-81C6-4C96-A2AD-5C91A37F1673}.Release|iPhone.Deploy.0 = Release|x86
		{CEA6CA6B-81C6-4C96-A2AD-5C91A37F1673}.Release|iPhoneSimulator.ActiveCfg = Release|x86
		{CEA6CA6B-81C6-4C96-A2AD-5C91A37F1673}.Release|iPhoneSimulator.Build.0 = Release|x86
		{CEA6CA6B-81C6-4C96-A2AD-5C91A37F1673}.Release|iPhoneSimulator.Deploy.0 = Release|x86
		{CEA6CA6B-81C6-4C96-A2AD-5C91A37F1673}.Release|x64.ActiveCfg = Release|x64
		{CEA6CA6B-81C6-4C96-A2AD-5C91A37F1673}.Release|x64.Build.0 = Release|x64
		{CEA6CA6B-81C6-4C96-A2AD-5C91A37F1673}.Release|x64.Deploy.0 = Release|x64
		{CEA6CA6B-81C6-4C96-A2AD-5C91A37F1673}.Release|x86.ActiveCfg = Release|x86
		{CEA6CA6B-81C6-4C96-A2AD-5C91A37F1673}.Release|x86.Build.0 = Release|x86
		{CEA6CA6B-81C6-4C96-A2AD-5C91A37F1673}.Release|x86.Deploy.0 = Release|x86
		{BC8487E3-3B4C-4F6E-9081-8C6D4CA6BAB1}.Ad-Hoc|Any CPU.ActiveCfg = Debug|Any CPU
		{BC8487E3-3B4C-4F6E-9081-8C6D4CA6BAB1}.Ad-Hoc|Any CPU.Build.0 = Debug|Any CPU
		{BC8487E3-3B4C-4F6E-9081-8C6D4CA6BAB1}.Ad-Hoc|Any CPU.Deploy.0 = Debug|Any CPU
		{BC8487E3-3B4C-4F6E-9081-8C6D4CA6BAB1}.Ad-Hoc|ARM.ActiveCfg = Debug|Any CPU
		{BC8487E3-3B4C-4F6E-9081-8C6D4CA6BAB1}.Ad-Hoc|ARM.Build.0 = Debug|Any CPU
		{BC8487E3-3B4C-4F6E-9081-8C6D4CA6BAB1}.Ad-Hoc|ARM.Deploy.0 = Debug|Any CPU
		{BC8487E3-3B4C-4F6E-9081-8C6D4CA6BAB1}.Ad-Hoc|iPhone.ActiveCfg = Debug|Any CPU
		{BC8487E3-3B4C-4F6E-9081-8C6D4CA6BAB1}.Ad-Hoc|iPhone.Build.0 = Debug|Any CPU
		{BC8487E3-3B4C-4F6E-9081-8C6D4CA6BAB1}.Ad-Hoc|iPhone.Deploy.0 = Debug|Any CPU
		{BC8487E3-3B4C-4F6E-9081-8C6D4CA6BAB1}.Ad-Hoc|iPhoneSimulator.ActiveCfg = Debug|Any CPU
		{BC8487E3-3B4C-4F6E-9081-8C6D4CA6BAB1}.Ad-Hoc|iPhoneSimulator.Build.0 = Debug|Any CPU
		{BC8487E3-3B4C-4F6E-9081-8C6D4CA6BAB1}.Ad-Hoc|iPhoneSimulator.Deploy.0 = Debug|Any CPU
		{BC8487E3-3B4C-4F6E-9081-8C6D4CA6BAB1}.Ad-Hoc|x64.ActiveCfg = Debug|Any CPU
		{BC8487E3-3B4C-4F6E-9081-8C6D4CA6BAB1}.Ad-Hoc|x64.Build.0 = Debug|Any CPU
		{BC8487E3-3B4C-4F6E-9081-8C6D4CA6BAB1}.Ad-Hoc|x64.Deploy.0 = Debug|Any CPU
		{BC8487E3-3B4C-4F6E-9081-8C6D4CA6BAB1}.Ad-Hoc|x86.ActiveCfg = Debug|Any CPU
		{BC8487E3-3B4C-4F6E-9081-8C6D4CA6BAB1}.Ad-Hoc|x86.Build.0 = Debug|Any CPU
		{BC8487E3-3B4C-4F6E-9081-8C6D4CA6BAB1}.Ad-Hoc|x86.Deploy.0 = Debug|Any CPU
		{BC8487E3-3B4C-4F6E-9081-8C6D4CA6BAB1}.AppStore|Any CPU.ActiveCfg = Debug|Any CPU
		{BC8487E3-3B4C-4F6E-9081-8C6D4CA6BAB1}.AppStore|Any CPU.Build.0 = Debug|Any CPU
		{BC8487E3-3B4C-4F6E-9081-8C6D4CA6BAB1}.AppStore|Any CPU.Deploy.0 = Debug|Any CPU
		{BC8487E3-3B4C-4F6E-9081-8C6D4CA6BAB1}.AppStore|ARM.ActiveCfg = Debug|Any CPU
		{BC8487E3-3B4C-4F6E-9081-8C6D4CA6BAB1}.AppStore|ARM.Build.0 = Debug|Any CPU
		{BC8487E3-3B4C-4F6E-9081-8C6D4CA6BAB1}.AppStore|ARM.Deploy.0 = Debug|Any CPU
		{BC8487E3-3B4C-4F6E-9081-8C6D4CA6BAB1}.AppStore|iPhone.ActiveCfg = Debug|Any CPU
		{BC8487E3-3B4C-4F6E-9081-8C6D4CA6BAB1}.AppStore|iPhone.Build.0 = Debug|Any CPU
		{BC8487E3-3B4C-4F6E-9081-8C6D4CA6BAB1}.AppStore|iPhone.Deploy.0 = Debug|Any CPU
		{BC8487E3-3B4C-4F6E-9081-8C6D4CA6BAB1}.AppStore|iPhoneSimulator.ActiveCfg = Debug|Any CPU
		{BC8487E3-3B4C-4F6E-9081-8C6D4CA6BAB1}.AppStore|iPhoneSimulator.Build.0 = Debug|Any CPU
		{BC8487E3-3B4C-4F6E-9081-8C6D4CA6BAB1}.AppStore|iPhoneSimulator.Deploy.0 = Debug|Any CPU
		{BC8487E3-3B4C-4F6E-9081-8C6D4CA6BAB1}.AppStore|x64.ActiveCfg = Debug|Any CPU
		{BC8487E3-3B4C-4F6E-9081-8C6D4CA6BAB1}.AppStore|x64.Build.0 = Debug|Any CPU
		{BC8487E3-3B4C-4F6E-9081-8C6D4CA6BAB1}.AppStore|x64.Deploy.0 = Debug|Any CPU
		{BC8487E3-3B4C-4F6E-9081-8C6D4CA6BAB1}.AppStore|x86.ActiveCfg = Debug|Any CPU
		{BC8487E3-3B4C-4F6E-9081-8C6D4CA6BAB1}.AppStore|x86.Build.0 = Debug|Any CPU
		{BC8487E3-3B4C-4F6E-9081-8C6D4CA6BAB1}.AppStore|x86.Deploy.0 = Debug|Any CPU
		{BC8487E3-3B4C-4F6E-9081-8C6D4CA6BAB1}.Debug|Any CPU.ActiveCfg = Debug|Any CPU
		{BC8487E3-3B4C-4F6E-9081-8C6D4CA6BAB1}.Debug|Any CPU.Build.0 = Debug|Any CPU
		{BC8487E3-3B4C-4F6E-9081-8C6D4CA6BAB1}.Debug|Any CPU.Deploy.0 = Debug|Any CPU
		{BC8487E3-3B4C-4F6E-9081-8C6D4CA6BAB1}.Debug|ARM.ActiveCfg = Debug|Any CPU
		{BC8487E3-3B4C-4F6E-9081-8C6D4CA6BAB1}.Debug|ARM.Build.0 = Debug|Any CPU
		{BC8487E3-3B4C-4F6E-9081-8C6D4CA6BAB1}.Debug|ARM.Deploy.0 = Debug|Any CPU
		{BC8487E3-3B4C-4F6E-9081-8C6D4CA6BAB1}.Debug|iPhone.ActiveCfg = Debug|Any CPU
		{BC8487E3-3B4C-4F6E-9081-8C6D4CA6BAB1}.Debug|iPhone.Build.0 = Debug|Any CPU
		{BC8487E3-3B4C-4F6E-9081-8C6D4CA6BAB1}.Debug|iPhone.Deploy.0 = Debug|Any CPU
		{BC8487E3-3B4C-4F6E-9081-8C6D4CA6BAB1}.Debug|iPhoneSimulator.ActiveCfg = Debug|Any CPU
		{BC8487E3-3B4C-4F6E-9081-8C6D4CA6BAB1}.Debug|iPhoneSimulator.Build.0 = Debug|Any CPU
		{BC8487E3-3B4C-4F6E-9081-8C6D4CA6BAB1}.Debug|iPhoneSimulator.Deploy.0 = Debug|Any CPU
		{BC8487E3-3B4C-4F6E-9081-8C6D4CA6BAB1}.Debug|x64.ActiveCfg = Debug|Any CPU
		{BC8487E3-3B4C-4F6E-9081-8C6D4CA6BAB1}.Debug|x64.Build.0 = Debug|Any CPU
		{BC8487E3-3B4C-4F6E-9081-8C6D4CA6BAB1}.Debug|x64.Deploy.0 = Debug|Any CPU
		{BC8487E3-3B4C-4F6E-9081-8C6D4CA6BAB1}.Debug|x86.ActiveCfg = Debug|Any CPU
		{BC8487E3-3B4C-4F6E-9081-8C6D4CA6BAB1}.Debug|x86.Build.0 = Debug|Any CPU
		{BC8487E3-3B4C-4F6E-9081-8C6D4CA6BAB1}.Debug|x86.Deploy.0 = Debug|Any CPU
		{BC8487E3-3B4C-4F6E-9081-8C6D4CA6BAB1}.Release|Any CPU.ActiveCfg = Release|Any CPU
		{BC8487E3-3B4C-4F6E-9081-8C6D4CA6BAB1}.Release|Any CPU.Build.0 = Release|Any CPU
		{BC8487E3-3B4C-4F6E-9081-8C6D4CA6BAB1}.Release|Any CPU.Deploy.0 = Release|Any CPU
		{BC8487E3-3B4C-4F6E-9081-8C6D4CA6BAB1}.Release|ARM.ActiveCfg = Release|Any CPU
		{BC8487E3-3B4C-4F6E-9081-8C6D4CA6BAB1}.Release|ARM.Build.0 = Release|Any CPU
		{BC8487E3-3B4C-4F6E-9081-8C6D4CA6BAB1}.Release|ARM.Deploy.0 = Release|Any CPU
		{BC8487E3-3B4C-4F6E-9081-8C6D4CA6BAB1}.Release|iPhone.ActiveCfg = Release|Any CPU
		{BC8487E3-3B4C-4F6E-9081-8C6D4CA6BAB1}.Release|iPhone.Build.0 = Release|Any CPU
		{BC8487E3-3B4C-4F6E-9081-8C6D4CA6BAB1}.Release|iPhone.Deploy.0 = Release|Any CPU
		{BC8487E3-3B4C-4F6E-9081-8C6D4CA6BAB1}.Release|iPhoneSimulator.ActiveCfg = Release|Any CPU
		{BC8487E3-3B4C-4F6E-9081-8C6D4CA6BAB1}.Release|iPhoneSimulator.Build.0 = Release|Any CPU
		{BC8487E3-3B4C-4F6E-9081-8C6D4CA6BAB1}.Release|iPhoneSimulator.Deploy.0 = Release|Any CPU
		{BC8487E3-3B4C-4F6E-9081-8C6D4CA6BAB1}.Release|x64.ActiveCfg = Release|Any CPU
		{BC8487E3-3B4C-4F6E-9081-8C6D4CA6BAB1}.Release|x64.Build.0 = Release|Any CPU
		{BC8487E3-3B4C-4F6E-9081-8C6D4CA6BAB1}.Release|x64.Deploy.0 = Release|Any CPU
		{BC8487E3-3B4C-4F6E-9081-8C6D4CA6BAB1}.Release|x86.ActiveCfg = Release|Any CPU
		{BC8487E3-3B4C-4F6E-9081-8C6D4CA6BAB1}.Release|x86.Build.0 = Release|Any CPU
		{BC8487E3-3B4C-4F6E-9081-8C6D4CA6BAB1}.Release|x86.Deploy.0 = Release|Any CPU
	EndGlobalSection
	GlobalSection(SolutionProperties) = preSolution
		HideSolutionNode = FALSE
	EndGlobalSection
	GlobalSection(ExtensibilityGlobals) = postSolution
		SolutionGuid = {295D2DC9-116D-4443-83FB-50A4A095E6D0}
	EndGlobalSection
EndGlobal
